
Microsoft Visual Studio Solution File, Format Version 12.00
# Visual Studio 15
VisualStudioVersion = 15.0.28307.421
MinimumVisualStudioVersion = 10.0.40219.1
Project("{FAE04EC0-301F-11D3-BF4B-00C04F79EFBC}") = "Q01 Train", "Q01 Train\Q01 Train.csproj", "{1A11CDDA-AD92-4319-AA33-CF5C8C02CABF}"
EndProject
Project("{FAE04EC0-301F-11D3-BF4B-00C04F79EFBC}") = "Q02 Common Elements", "Q02 Common Elements\Q02 Common Elements.csproj", "{35F68CA4-624F-4E4F-8C43-E9ED1798C2E0}"
EndProject
Project("{FAE04EC0-301F-11D3-BF4B-00C04F79EFBC}") = "Q03 Zig Zag Arrays", "Q03 Zig Zag Arrays\Q03 Zig Zag Arrays.csproj", "{93BC50ED-937C-489A-86F2-933A83CEDE38}"
EndProject
Project("{FAE04EC0-301F-11D3-BF4B-00C04F79EFBC}") = "Q04 Rotate Array", "Q04 Rotate Array\Q04 Rotate Array.csproj", "{8157B9CA-CE89-4574-B012-28605B210888}"
EndProject
Project("{FAE04EC0-301F-11D3-BF4B-00C04F79EFBC}") = "Q05 Top Integer", "Q05 Top Integer\Q05 Top Integer.csproj", "{F3E1A127-DA80-4E10-9ABA-0CD4234E3FFD}"
EndProject
Project("{FAE04EC0-301F-11D3-BF4B-00C04F79EFBC}") = "Q06 Equal Sums", "Q06 Equal Sums\Q06 Equal Sums.csproj", "{320CDBDA-5A85-4BC0-92CD-27A160DE932A}"
EndProject
Project("{FAE04EC0-301F-11D3-BF4B-00C04F79EFBC}") = "Q07 Max Sequence", "Q07 Max Sequence\Q07 Max Sequence.csproj", "{19410DF1-8669-4333-8572-05A5C8601EA7}"
EndProject
Project("{FAE04EC0-301F-11D3-BF4B-00C04F79EFBC}") = "Q08 Magic Sum", "Q08 Magic Sum\Q08 Magic Sum.csproj", "{B3B734E2-DF36-4789-AF19-A82DF2CBB478}"
EndProject
Global
	GlobalSection(SolutionConfigurationPlatforms) = preSolution
		Debug|Any CPU = Debug|Any CPU
		Release|Any CPU = Release|Any CPU
	EndGlobalSection
	GlobalSection(ProjectConfigurationPlatforms) = postSolution
		{1A11CDDA-AD92-4319-AA33-CF5C8C02CABF}.Debug|Any CPU.ActiveCfg = Debug|Any CPU
		{1A11CDDA-AD92-4319-AA33-CF5C8C02CABF}.Debug|Any CPU.Build.0 = Debug|Any CPU
		{1A11CDDA-AD92-4319-AA33-CF5C8C02CABF}.Release|Any CPU.ActiveCfg = Release|Any CPU
		{1A11CDDA-AD92-4319-AA33-CF5C8C02CABF}.Release|Any CPU.Build.0 = Release|Any CPU
		{35F68CA4-624F-4E4F-8C43-E9ED1798C2E0}.Debug|Any CPU.ActiveCfg = Debug|Any CPU
		{35F68CA4-624F-4E4F-8C43-E9ED1798C2E0}.Debug|Any CPU.Build.0 = Debug|Any CPU
		{35F68CA4-624F-4E4F-8C43-E9ED1798C2E0}.Release|Any CPU.ActiveCfg = Release|Any CPU
		{35F68CA4-624F-4E4F-8C43-E9ED1798C2E0}.Release|Any CPU.Build.0 = Release|Any CPU
		{93BC50ED-937C-489A-86F2-933A83CEDE38}.Debug|Any CPU.ActiveCfg = Debug|Any CPU
		{93BC50ED-937C-489A-86F2-933A83CEDE38}.Debug|Any CPU.Build.0 = Debug|Any CPU
		{93BC50ED-937C-489A-86F2-933A83CEDE38}.Release|Any CPU.ActiveCfg = Release|Any CPU
		{93BC50ED-937C-489A-86F2-933A83CEDE38}.Release|Any CPU.Build.0 = Release|Any CPU
		{8157B9CA-CE89-4574-B012-28605B210888}.Debug|Any CPU.ActiveCfg = Debug|Any CPU
		{8157B9CA-CE89-4574-B012-28605B210888}.Debug|Any CPU.Build.0 = Debug|Any CPU
		{8157B9CA-CE89-4574-B012-28605B210888}.Release|Any CPU.ActiveCfg = Release|Any CPU
		{8157B9CA-CE89-4574-B012-28605B210888}.Release|Any CPU.Build.0 = Release|Any CPU
		{F3E1A127-DA80-4E10-9ABA-0CD4234E3FFD}.Debug|Any CPU.ActiveCfg = Debug|Any CPU
		{F3E1A127-DA80-4E10-9ABA-0CD4234E3FFD}.Debug|Any CPU.Build.0 = Debug|Any CPU
		{F3E1A127-DA80-4E10-9ABA-0CD4234E3FFD}.Release|Any CPU.ActiveCfg = Release|Any CPU
		{F3E1A127-DA80-4E10-9ABA-0CD4234E3FFD}.Release|Any CPU.Build.0 = Release|Any CPU
		{320CDBDA-5A85-4BC0-92CD-27A160DE932A}.Debug|Any CPU.ActiveCfg = Debug|Any CPU
		{320CDBDA-5A85-4BC0-92CD-27A160DE932A}.Debug|Any CPU.Build.0 = Debug|Any CPU
		{320CDBDA-5A85-4BC0-92CD-27A160DE932A}.Release|Any CPU.ActiveCfg = Release|Any CPU
		{320CDBDA-5A85-4BC0-92CD-27A160DE932A}.Release|Any CPU.Build.0 = Release|Any CPU
		{19410DF1-8669-4333-8572-05A5C8601EA7}.Debug|Any CPU.ActiveCfg = Debug|Any CPU
		{19410DF1-8669-4333-8572-05A5C8601EA7}.Debug|Any CPU.Build.0 = Debug|Any CPU
		{19410DF1-8669-4333-8572-05A5C8601EA7}.Release|Any CPU.ActiveCfg = Release|Any CPU
		{19410DF1-8669-4333-8572-05A5C8601EA7}.Release|Any CPU.Build.0 = Release|Any CPU
		{B3B734E2-DF36-4789-AF19-A82DF2CBB478}.Debug|Any CPU.ActiveCfg = Debug|Any CPU
		{B3B734E2-DF36-4789-AF19-A82DF2CBB478}.Debug|Any CPU.Build.0 = Debug|Any CPU
		{B3B734E2-DF36-4789-AF19-A82DF2CBB478}.Release|Any CPU.ActiveCfg = Release|Any CPU
		{B3B734E2-DF36-4789-AF19-A82DF2CBB478}.Release|Any CPU.Build.0 = Release|Any CPU
	EndGlobalSection
	GlobalSection(SolutionProperties) = preSolution
		HideSolutionNode = FALSE
	EndGlobalSection
	GlobalSection(ExtensibilityGlobals) = postSolution
		SolutionGuid = {1DA360F1-ADDE-4F8D-830E-7606B2D07AAB}
	EndGlobalSection
EndGlobal
