
Microsoft Visual Studio Solution File, Format Version 12.00
# Visual Studio Version 16
VisualStudioVersion = 16.0.29009.5
MinimumVisualStudioVersion = 10.0.40219.1
Project("{FAE04EC0-301F-11D3-BF4B-00C04F79EFBC}") = "Q01 Bonus System", "Q01 Bonus System\Q01 Bonus System.csproj", "{CFB7AD0E-A867-460E-961F-BC90DBC1A7FF}"
EndProject
Global
	GlobalSection(SolutionConfigurationPlatforms) = preSolution
		Debug|Any CPU = Debug|Any CPU
		Release|Any CPU = Release|Any CPU
	EndGlobalSection
	GlobalSection(ProjectConfigurationPlatforms) = postSolution
		{CFB7AD0E-A867-460E-961F-BC90DBC1A7FF}.Debug|Any CPU.ActiveCfg = Debug|Any CPU
		{CFB7AD0E-A867-460E-961F-BC90DBC1A7FF}.Debug|Any CPU.Build.0 = Debug|Any CPU
		{CFB7AD0E-A867-460E-961F-BC90DBC1A7FF}.Release|Any CPU.ActiveCfg = Release|Any CPU
		{CFB7AD0E-A867-460E-961F-BC90DBC1A7FF}.Release|Any CPU.Build.0 = Release|Any CPU
	EndGlobalSection
	GlobalSection(SolutionProperties) = preSolution
		HideSolutionNode = FALSE
	EndGlobalSection
	GlobalSection(ExtensibilityGlobals) = postSolution
		SolutionGuid = {08BFCE30-57A2-4F8B-B1D2-C66782C1A7F1}
	EndGlobalSection
EndGlobal
