
Microsoft Visual Studio Solution File, Format Version 12.00
# Visual Studio Version 16
VisualStudioVersion = 16.0.29009.5
MinimumVisualStudioVersion = 10.0.40219.1
Project("{FAE04EC0-301F-11D3-BF4B-00C04F79EFBC}") = "Q01 Sweet Dessert", "Q01 Sweet Dessert\Q01 Sweet Dessert.csproj", "{AFE4F527-8D59-4B45-A165-27E63A7B0A6B}"
EndProject
Project("{FAE04EC0-301F-11D3-BF4B-00C04F79EFBC}") = "Q02 Array Manipulator", "Q02 Array Manipulator\Q02 Array Manipulator.csproj", "{01C107A3-2E85-43DE-B684-448D84D0A314}"
EndProject
Project("{FAE04EC0-301F-11D3-BF4B-00C04F79EFBC}") = "Q02 V2", "Q02 V2\Q02 V2.csproj", "{4E708438-FC80-44F9-A910-F3730EB26904}"
EndProject
Project("{FAE04EC0-301F-11D3-BF4B-00C04F79EFBC}") = "Q03 Football League", "Q03 Football League\Q03 Football League.csproj", "{FBAE6E51-61E1-465C-9779-EF44A7122504}"
EndProject
Project("{FAE04EC0-301F-11D3-BF4B-00C04F79EFBC}") = "Q04 Cubic Messages", "Q04 Cubic Messages\Q04 Cubic Messages.csproj", "{B537EEAA-AB6B-47BA-995D-C556B067F558}"
EndProject
Global
	GlobalSection(SolutionConfigurationPlatforms) = preSolution
		Debug|Any CPU = Debug|Any CPU
		Release|Any CPU = Release|Any CPU
	EndGlobalSection
	GlobalSection(ProjectConfigurationPlatforms) = postSolution
		{AFE4F527-8D59-4B45-A165-27E63A7B0A6B}.Debug|Any CPU.ActiveCfg = Debug|Any CPU
		{AFE4F527-8D59-4B45-A165-27E63A7B0A6B}.Debug|Any CPU.Build.0 = Debug|Any CPU
		{AFE4F527-8D59-4B45-A165-27E63A7B0A6B}.Release|Any CPU.ActiveCfg = Release|Any CPU
		{AFE4F527-8D59-4B45-A165-27E63A7B0A6B}.Release|Any CPU.Build.0 = Release|Any CPU
		{01C107A3-2E85-43DE-B684-448D84D0A314}.Debug|Any CPU.ActiveCfg = Debug|Any CPU
		{01C107A3-2E85-43DE-B684-448D84D0A314}.Debug|Any CPU.Build.0 = Debug|Any CPU
		{01C107A3-2E85-43DE-B684-448D84D0A314}.Release|Any CPU.ActiveCfg = Release|Any CPU
		{01C107A3-2E85-43DE-B684-448D84D0A314}.Release|Any CPU.Build.0 = Release|Any CPU
		{4E708438-FC80-44F9-A910-F3730EB26904}.Debug|Any CPU.ActiveCfg = Debug|Any CPU
		{4E708438-FC80-44F9-A910-F3730EB26904}.Debug|Any CPU.Build.0 = Debug|Any CPU
		{4E708438-FC80-44F9-A910-F3730EB26904}.Release|Any CPU.ActiveCfg = Release|Any CPU
		{4E708438-FC80-44F9-A910-F3730EB26904}.Release|Any CPU.Build.0 = Release|Any CPU
		{FBAE6E51-61E1-465C-9779-EF44A7122504}.Debug|Any CPU.ActiveCfg = Debug|Any CPU
		{FBAE6E51-61E1-465C-9779-EF44A7122504}.Debug|Any CPU.Build.0 = Debug|Any CPU
		{FBAE6E51-61E1-465C-9779-EF44A7122504}.Release|Any CPU.ActiveCfg = Release|Any CPU
		{FBAE6E51-61E1-465C-9779-EF44A7122504}.Release|Any CPU.Build.0 = Release|Any CPU
		{B537EEAA-AB6B-47BA-995D-C556B067F558}.Debug|Any CPU.ActiveCfg = Debug|Any CPU
		{B537EEAA-AB6B-47BA-995D-C556B067F558}.Debug|Any CPU.Build.0 = Debug|Any CPU
		{B537EEAA-AB6B-47BA-995D-C556B067F558}.Release|Any CPU.ActiveCfg = Release|Any CPU
		{B537EEAA-AB6B-47BA-995D-C556B067F558}.Release|Any CPU.Build.0 = Release|Any CPU
	EndGlobalSection
	GlobalSection(SolutionProperties) = preSolution
		HideSolutionNode = FALSE
	EndGlobalSection
	GlobalSection(ExtensibilityGlobals) = postSolution
		SolutionGuid = {C5001E48-6D34-48D5-8549-82EB1D95C05C}
	EndGlobalSection
EndGlobal
