
Microsoft Visual Studio Solution File, Format Version 12.00
# Visual Studio 15
VisualStudioVersion = 15.0.27004.2010
MinimumVisualStudioVersion = 10.0.40219.1
Project("{FAE04EC0-301F-11D3-BF4B-00C04F79EFBC}") = "Q01 Base-10 to Base-N", "Q01 Base-10 to Base-N\Q01 Base-10 to Base-N.csproj", "{F2332640-E021-46F6-8B36-429E2218F970}"
EndProject
Project("{FAE04EC0-301F-11D3-BF4B-00C04F79EFBC}") = "Q02 Base-N to Base-10", "Q02 Base-N to Base-10\Q02 Base-N to Base-10.csproj", "{F61E2302-B786-40BF-9A61-C63EEEEEFA7B}"
EndProject
Project("{FAE04EC0-301F-11D3-BF4B-00C04F79EFBC}") = "Q03 Unicode Conversion", "Q03 Unicode Conversion\Q03 Unicode Conversion.csproj", "{0764409E-5AB0-4964-8D31-9B0284BB63EF}"
EndProject
Project("{FAE04EC0-301F-11D3-BF4B-00C04F79EFBC}") = "Q04 Char Multiplier", "Q04 Char Multiplier\Q04 Char Multiplier.csproj", "{66A8F4EB-EC26-41AF-A7E2-74762D844237}"
EndProject
Project("{FAE04EC0-301F-11D3-BF4B-00C04F79EFBC}") = "Q05 Magic Exchange Words", "Q05 Magic Exchange Words\Q05 Magic Exchange Words.csproj", "{02EBE947-4D4F-49DB-AFA3-8CB1CF2A2042}"
EndProject
Project("{FAE04EC0-301F-11D3-BF4B-00C04F79EFBC}") = "Q05 P2", "Q05 P2\Q05 P2.csproj", "{FCE74866-65F3-45CE-8382-41E21FDBDDF5}"
EndProject
Project("{FAE04EC0-301F-11D3-BF4B-00C04F79EFBC}") = "Q06 Sum Number", "Q06 Sum Number\Q06 Sum Number.csproj", "{F239754D-8685-483E-ACAE-2F754CF6ECEE}"
EndProject
Project("{FAE04EC0-301F-11D3-BF4B-00C04F79EFBC}") = "Q06 Sum Number P2", "Q06 P2\Q06 Sum Number P2.csproj", "{76A657DE-1C84-49ED-A249-FE8E759353D0}"
EndProject
Project("{FAE04EC0-301F-11D3-BF4B-00C04F79EFBC}") = "Q06 Sum Numbers P3", "Q06 Sum Numbers P3\Q06 Sum Numbers P3.csproj", "{C9D35057-E7B7-45FF-B590-06DEFBFA78A4}"
EndProject
Project("{FAE04EC0-301F-11D3-BF4B-00C04F79EFBC}") = "Q06 Sum Numbers P4", "Q06 Sum Numbers P4\Q06 Sum Numbers P4.csproj", "{1DCF794E-66FF-49A5-9930-8A0FCC7B0F96}"
EndProject
Project("{FAE04EC0-301F-11D3-BF4B-00C04F79EFBC}") = "Q07 Multiplying Big Numbers", "Q07 Multiplying Big Numbers\Q07 Multiplying Big Numbers.csproj", "{E7EAF705-B617-4FC7-B7CF-184714404B8F}"
EndProject
Project("{FAE04EC0-301F-11D3-BF4B-00C04F79EFBC}") = "Q08 Numbers Change Letters", "Q08 Numbers Change Letters\Q08 Numbers Change Letters.csproj", "{668525E7-6F1F-45D8-B74F-0C87D5076098}"
EndProject
Project("{FAE04EC0-301F-11D3-BF4B-00C04F79EFBC}") = "Q09 Selrah Shake", "Q09 Selrah Shake\Q09 Selrah Shake.csproj", "{8F7D2699-F32E-499C-9489-5D81A821916A}"
EndProject
Project("{FAE04EC0-301F-11D3-BF4B-00C04F79EFBC}") = "Q09 Serlah Shake P2", "Q09 Serlah Shake P2\Q09 Serlah Shake P2.csproj", "{FDFD370F-D966-496E-B110-41C6CBCE9474}"
EndProject
Project("{FAE04EC0-301F-11D3-BF4B-00C04F79EFBC}") = "Q00", "Q00\Q00.csproj", "{9D4A1DB3-0C53-4C49-BD17-2B5803AF0B44}"
EndProject
Global
	GlobalSection(SolutionConfigurationPlatforms) = preSolution
		Debug|Any CPU = Debug|Any CPU
		Debug|ARM = Debug|ARM
		Debug|x64 = Debug|x64
		Debug|x86 = Debug|x86
		Release|Any CPU = Release|Any CPU
		Release|ARM = Release|ARM
		Release|x64 = Release|x64
		Release|x86 = Release|x86
	EndGlobalSection
	GlobalSection(ProjectConfigurationPlatforms) = postSolution
		{F2332640-E021-46F6-8B36-429E2218F970}.Debug|Any CPU.ActiveCfg = Debug|Any CPU
		{F2332640-E021-46F6-8B36-429E2218F970}.Debug|Any CPU.Build.0 = Debug|Any CPU
		{F2332640-E021-46F6-8B36-429E2218F970}.Debug|ARM.ActiveCfg = Debug|Any CPU
		{F2332640-E021-46F6-8B36-429E2218F970}.Debug|ARM.Build.0 = Debug|Any CPU
		{F2332640-E021-46F6-8B36-429E2218F970}.Debug|x64.ActiveCfg = Debug|Any CPU
		{F2332640-E021-46F6-8B36-429E2218F970}.Debug|x64.Build.0 = Debug|Any CPU
		{F2332640-E021-46F6-8B36-429E2218F970}.Debug|x86.ActiveCfg = Debug|Any CPU
		{F2332640-E021-46F6-8B36-429E2218F970}.Debug|x86.Build.0 = Debug|Any CPU
		{F2332640-E021-46F6-8B36-429E2218F970}.Release|Any CPU.ActiveCfg = Release|Any CPU
		{F2332640-E021-46F6-8B36-429E2218F970}.Release|Any CPU.Build.0 = Release|Any CPU
		{F2332640-E021-46F6-8B36-429E2218F970}.Release|ARM.ActiveCfg = Release|Any CPU
		{F2332640-E021-46F6-8B36-429E2218F970}.Release|ARM.Build.0 = Release|Any CPU
		{F2332640-E021-46F6-8B36-429E2218F970}.Release|x64.ActiveCfg = Release|Any CPU
		{F2332640-E021-46F6-8B36-429E2218F970}.Release|x64.Build.0 = Release|Any CPU
		{F2332640-E021-46F6-8B36-429E2218F970}.Release|x86.ActiveCfg = Release|Any CPU
		{F2332640-E021-46F6-8B36-429E2218F970}.Release|x86.Build.0 = Release|Any CPU
		{F61E2302-B786-40BF-9A61-C63EEEEEFA7B}.Debug|Any CPU.ActiveCfg = Debug|Any CPU
		{F61E2302-B786-40BF-9A61-C63EEEEEFA7B}.Debug|Any CPU.Build.0 = Debug|Any CPU
		{F61E2302-B786-40BF-9A61-C63EEEEEFA7B}.Debug|ARM.ActiveCfg = Debug|Any CPU
		{F61E2302-B786-40BF-9A61-C63EEEEEFA7B}.Debug|ARM.Build.0 = Debug|Any CPU
		{F61E2302-B786-40BF-9A61-C63EEEEEFA7B}.Debug|x64.ActiveCfg = Debug|Any CPU
		{F61E2302-B786-40BF-9A61-C63EEEEEFA7B}.Debug|x64.Build.0 = Debug|Any CPU
		{F61E2302-B786-40BF-9A61-C63EEEEEFA7B}.Debug|x86.ActiveCfg = Debug|Any CPU
		{F61E2302-B786-40BF-9A61-C63EEEEEFA7B}.Debug|x86.Build.0 = Debug|Any CPU
		{F61E2302-B786-40BF-9A61-C63EEEEEFA7B}.Release|Any CPU.ActiveCfg = Release|Any CPU
		{F61E2302-B786-40BF-9A61-C63EEEEEFA7B}.Release|Any CPU.Build.0 = Release|Any CPU
		{F61E2302-B786-40BF-9A61-C63EEEEEFA7B}.Release|ARM.ActiveCfg = Release|Any CPU
		{F61E2302-B786-40BF-9A61-C63EEEEEFA7B}.Release|ARM.Build.0 = Release|Any CPU
		{F61E2302-B786-40BF-9A61-C63EEEEEFA7B}.Release|x64.ActiveCfg = Release|Any CPU
		{F61E2302-B786-40BF-9A61-C63EEEEEFA7B}.Release|x64.Build.0 = Release|Any CPU
		{F61E2302-B786-40BF-9A61-C63EEEEEFA7B}.Release|x86.ActiveCfg = Release|Any CPU
		{F61E2302-B786-40BF-9A61-C63EEEEEFA7B}.Release|x86.Build.0 = Release|Any CPU
		{0764409E-5AB0-4964-8D31-9B0284BB63EF}.Debug|Any CPU.ActiveCfg = Debug|Any CPU
		{0764409E-5AB0-4964-8D31-9B0284BB63EF}.Debug|Any CPU.Build.0 = Debug|Any CPU
		{0764409E-5AB0-4964-8D31-9B0284BB63EF}.Debug|ARM.ActiveCfg = Debug|Any CPU
		{0764409E-5AB0-4964-8D31-9B0284BB63EF}.Debug|ARM.Build.0 = Debug|Any CPU
		{0764409E-5AB0-4964-8D31-9B0284BB63EF}.Debug|x64.ActiveCfg = Debug|Any CPU
		{0764409E-5AB0-4964-8D31-9B0284BB63EF}.Debug|x64.Build.0 = Debug|Any CPU
		{0764409E-5AB0-4964-8D31-9B0284BB63EF}.Debug|x86.ActiveCfg = Debug|Any CPU
		{0764409E-5AB0-4964-8D31-9B0284BB63EF}.Debug|x86.Build.0 = Debug|Any CPU
		{0764409E-5AB0-4964-8D31-9B0284BB63EF}.Release|Any CPU.ActiveCfg = Release|Any CPU
		{0764409E-5AB0-4964-8D31-9B0284BB63EF}.Release|Any CPU.Build.0 = Release|Any CPU
		{0764409E-5AB0-4964-8D31-9B0284BB63EF}.Release|ARM.ActiveCfg = Release|Any CPU
		{0764409E-5AB0-4964-8D31-9B0284BB63EF}.Release|ARM.Build.0 = Release|Any CPU
		{0764409E-5AB0-4964-8D31-9B0284BB63EF}.Release|x64.ActiveCfg = Release|Any CPU
		{0764409E-5AB0-4964-8D31-9B0284BB63EF}.Release|x64.Build.0 = Release|Any CPU
		{0764409E-5AB0-4964-8D31-9B0284BB63EF}.Release|x86.ActiveCfg = Release|Any CPU
		{0764409E-5AB0-4964-8D31-9B0284BB63EF}.Release|x86.Build.0 = Release|Any CPU
		{66A8F4EB-EC26-41AF-A7E2-74762D844237}.Debug|Any CPU.ActiveCfg = Debug|Any CPU
		{66A8F4EB-EC26-41AF-A7E2-74762D844237}.Debug|Any CPU.Build.0 = Debug|Any CPU
		{66A8F4EB-EC26-41AF-A7E2-74762D844237}.Debug|ARM.ActiveCfg = Debug|Any CPU
		{66A8F4EB-EC26-41AF-A7E2-74762D844237}.Debug|ARM.Build.0 = Debug|Any CPU
		{66A8F4EB-EC26-41AF-A7E2-74762D844237}.Debug|x64.ActiveCfg = Debug|Any CPU
		{66A8F4EB-EC26-41AF-A7E2-74762D844237}.Debug|x64.Build.0 = Debug|Any CPU
		{66A8F4EB-EC26-41AF-A7E2-74762D844237}.Debug|x86.ActiveCfg = Debug|Any CPU
		{66A8F4EB-EC26-41AF-A7E2-74762D844237}.Debug|x86.Build.0 = Debug|Any CPU
		{66A8F4EB-EC26-41AF-A7E2-74762D844237}.Release|Any CPU.ActiveCfg = Release|Any CPU
		{66A8F4EB-EC26-41AF-A7E2-74762D844237}.Release|Any CPU.Build.0 = Release|Any CPU
		{66A8F4EB-EC26-41AF-A7E2-74762D844237}.Release|ARM.ActiveCfg = Release|Any CPU
		{66A8F4EB-EC26-41AF-A7E2-74762D844237}.Release|ARM.Build.0 = Release|Any CPU
		{66A8F4EB-EC26-41AF-A7E2-74762D844237}.Release|x64.ActiveCfg = Release|Any CPU
		{66A8F4EB-EC26-41AF-A7E2-74762D844237}.Release|x64.Build.0 = Release|Any CPU
		{66A8F4EB-EC26-41AF-A7E2-74762D844237}.Release|x86.ActiveCfg = Release|Any CPU
		{66A8F4EB-EC26-41AF-A7E2-74762D844237}.Release|x86.Build.0 = Release|Any CPU
		{02EBE947-4D4F-49DB-AFA3-8CB1CF2A2042}.Debug|Any CPU.ActiveCfg = Debug|Any CPU
		{02EBE947-4D4F-49DB-AFA3-8CB1CF2A2042}.Debug|Any CPU.Build.0 = Debug|Any CPU
		{02EBE947-4D4F-49DB-AFA3-8CB1CF2A2042}.Debug|ARM.ActiveCfg = Debug|Any CPU
		{02EBE947-4D4F-49DB-AFA3-8CB1CF2A2042}.Debug|ARM.Build.0 = Debug|Any CPU
		{02EBE947-4D4F-49DB-AFA3-8CB1CF2A2042}.Debug|x64.ActiveCfg = Debug|Any CPU
		{02EBE947-4D4F-49DB-AFA3-8CB1CF2A2042}.Debug|x64.Build.0 = Debug|Any CPU
		{02EBE947-4D4F-49DB-AFA3-8CB1CF2A2042}.Debug|x86.ActiveCfg = Debug|Any CPU
		{02EBE947-4D4F-49DB-AFA3-8CB1CF2A2042}.Debug|x86.Build.0 = Debug|Any CPU
		{02EBE947-4D4F-49DB-AFA3-8CB1CF2A2042}.Release|Any CPU.ActiveCfg = Release|Any CPU
		{02EBE947-4D4F-49DB-AFA3-8CB1CF2A2042}.Release|Any CPU.Build.0 = Release|Any CPU
		{02EBE947-4D4F-49DB-AFA3-8CB1CF2A2042}.Release|ARM.ActiveCfg = Release|Any CPU
		{02EBE947-4D4F-49DB-AFA3-8CB1CF2A2042}.Release|ARM.Build.0 = Release|Any CPU
		{02EBE947-4D4F-49DB-AFA3-8CB1CF2A2042}.Release|x64.ActiveCfg = Release|Any CPU
		{02EBE947-4D4F-49DB-AFA3-8CB1CF2A2042}.Release|x64.Build.0 = Release|Any CPU
		{02EBE947-4D4F-49DB-AFA3-8CB1CF2A2042}.Release|x86.ActiveCfg = Release|Any CPU
		{02EBE947-4D4F-49DB-AFA3-8CB1CF2A2042}.Release|x86.Build.0 = Release|Any CPU
		{FCE74866-65F3-45CE-8382-41E21FDBDDF5}.Debug|Any CPU.ActiveCfg = Debug|Any CPU
		{FCE74866-65F3-45CE-8382-41E21FDBDDF5}.Debug|Any CPU.Build.0 = Debug|Any CPU
		{FCE74866-65F3-45CE-8382-41E21FDBDDF5}.Debug|ARM.ActiveCfg = Debug|Any CPU
		{FCE74866-65F3-45CE-8382-41E21FDBDDF5}.Debug|ARM.Build.0 = Debug|Any CPU
		{FCE74866-65F3-45CE-8382-41E21FDBDDF5}.Debug|x64.ActiveCfg = Debug|Any CPU
		{FCE74866-65F3-45CE-8382-41E21FDBDDF5}.Debug|x64.Build.0 = Debug|Any CPU
		{FCE74866-65F3-45CE-8382-41E21FDBDDF5}.Debug|x86.ActiveCfg = Debug|Any CPU
		{FCE74866-65F3-45CE-8382-41E21FDBDDF5}.Debug|x86.Build.0 = Debug|Any CPU
		{FCE74866-65F3-45CE-8382-41E21FDBDDF5}.Release|Any CPU.ActiveCfg = Release|Any CPU
		{FCE74866-65F3-45CE-8382-41E21FDBDDF5}.Release|Any CPU.Build.0 = Release|Any CPU
		{FCE74866-65F3-45CE-8382-41E21FDBDDF5}.Release|ARM.ActiveCfg = Release|Any CPU
		{FCE74866-65F3-45CE-8382-41E21FDBDDF5}.Release|ARM.Build.0 = Release|Any CPU
		{FCE74866-65F3-45CE-8382-41E21FDBDDF5}.Release|x64.ActiveCfg = Release|Any CPU
		{FCE74866-65F3-45CE-8382-41E21FDBDDF5}.Release|x64.Build.0 = Release|Any CPU
		{FCE74866-65F3-45CE-8382-41E21FDBDDF5}.Release|x86.ActiveCfg = Release|Any CPU
		{FCE74866-65F3-45CE-8382-41E21FDBDDF5}.Release|x86.Build.0 = Release|Any CPU
		{F239754D-8685-483E-ACAE-2F754CF6ECEE}.Debug|Any CPU.ActiveCfg = Debug|Any CPU
		{F239754D-8685-483E-ACAE-2F754CF6ECEE}.Debug|Any CPU.Build.0 = Debug|Any CPU
		{F239754D-8685-483E-ACAE-2F754CF6ECEE}.Debug|ARM.ActiveCfg = Debug|Any CPU
		{F239754D-8685-483E-ACAE-2F754CF6ECEE}.Debug|ARM.Build.0 = Debug|Any CPU
		{F239754D-8685-483E-ACAE-2F754CF6ECEE}.Debug|x64.ActiveCfg = Debug|Any CPU
		{F239754D-8685-483E-ACAE-2F754CF6ECEE}.Debug|x64.Build.0 = Debug|Any CPU
		{F239754D-8685-483E-ACAE-2F754CF6ECEE}.Debug|x86.ActiveCfg = Debug|Any CPU
		{F239754D-8685-483E-ACAE-2F754CF6ECEE}.Debug|x86.Build.0 = Debug|Any CPU
		{F239754D-8685-483E-ACAE-2F754CF6ECEE}.Release|Any CPU.ActiveCfg = Release|Any CPU
		{F239754D-8685-483E-ACAE-2F754CF6ECEE}.Release|Any CPU.Build.0 = Release|Any CPU
		{F239754D-8685-483E-ACAE-2F754CF6ECEE}.Release|ARM.ActiveCfg = Release|Any CPU
		{F239754D-8685-483E-ACAE-2F754CF6ECEE}.Release|ARM.Build.0 = Release|Any CPU
		{F239754D-8685-483E-ACAE-2F754CF6ECEE}.Release|x64.ActiveCfg = Release|Any CPU
		{F239754D-8685-483E-ACAE-2F754CF6ECEE}.Release|x64.Build.0 = Release|Any CPU
		{F239754D-8685-483E-ACAE-2F754CF6ECEE}.Release|x86.ActiveCfg = Release|Any CPU
		{F239754D-8685-483E-ACAE-2F754CF6ECEE}.Release|x86.Build.0 = Release|Any CPU
		{76A657DE-1C84-49ED-A249-FE8E759353D0}.Debug|Any CPU.ActiveCfg = Debug|Any CPU
		{76A657DE-1C84-49ED-A249-FE8E759353D0}.Debug|Any CPU.Build.0 = Debug|Any CPU
		{76A657DE-1C84-49ED-A249-FE8E759353D0}.Debug|ARM.ActiveCfg = Debug|Any CPU
		{76A657DE-1C84-49ED-A249-FE8E759353D0}.Debug|ARM.Build.0 = Debug|Any CPU
		{76A657DE-1C84-49ED-A249-FE8E759353D0}.Debug|x64.ActiveCfg = Debug|Any CPU
		{76A657DE-1C84-49ED-A249-FE8E759353D0}.Debug|x64.Build.0 = Debug|Any CPU
		{76A657DE-1C84-49ED-A249-FE8E759353D0}.Debug|x86.ActiveCfg = Debug|Any CPU
		{76A657DE-1C84-49ED-A249-FE8E759353D0}.Debug|x86.Build.0 = Debug|Any CPU
		{76A657DE-1C84-49ED-A249-FE8E759353D0}.Release|Any CPU.ActiveCfg = Release|Any CPU
		{76A657DE-1C84-49ED-A249-FE8E759353D0}.Release|Any CPU.Build.0 = Release|Any CPU
		{76A657DE-1C84-49ED-A249-FE8E759353D0}.Release|ARM.ActiveCfg = Release|Any CPU
		{76A657DE-1C84-49ED-A249-FE8E759353D0}.Release|ARM.Build.0 = Release|Any CPU
		{76A657DE-1C84-49ED-A249-FE8E759353D0}.Release|x64.ActiveCfg = Release|Any CPU
		{76A657DE-1C84-49ED-A249-FE8E759353D0}.Release|x64.Build.0 = Release|Any CPU
		{76A657DE-1C84-49ED-A249-FE8E759353D0}.Release|x86.ActiveCfg = Release|Any CPU
		{76A657DE-1C84-49ED-A249-FE8E759353D0}.Release|x86.Build.0 = Release|Any CPU
		{C9D35057-E7B7-45FF-B590-06DEFBFA78A4}.Debug|Any CPU.ActiveCfg = Debug|Any CPU
		{C9D35057-E7B7-45FF-B590-06DEFBFA78A4}.Debug|Any CPU.Build.0 = Debug|Any CPU
		{C9D35057-E7B7-45FF-B590-06DEFBFA78A4}.Debug|ARM.ActiveCfg = Debug|Any CPU
		{C9D35057-E7B7-45FF-B590-06DEFBFA78A4}.Debug|ARM.Build.0 = Debug|Any CPU
		{C9D35057-E7B7-45FF-B590-06DEFBFA78A4}.Debug|x64.ActiveCfg = Debug|Any CPU
		{C9D35057-E7B7-45FF-B590-06DEFBFA78A4}.Debug|x64.Build.0 = Debug|Any CPU
		{C9D35057-E7B7-45FF-B590-06DEFBFA78A4}.Debug|x86.ActiveCfg = Debug|Any CPU
		{C9D35057-E7B7-45FF-B590-06DEFBFA78A4}.Debug|x86.Build.0 = Debug|Any CPU
		{C9D35057-E7B7-45FF-B590-06DEFBFA78A4}.Release|Any CPU.ActiveCfg = Release|Any CPU
		{C9D35057-E7B7-45FF-B590-06DEFBFA78A4}.Release|Any CPU.Build.0 = Release|Any CPU
		{C9D35057-E7B7-45FF-B590-06DEFBFA78A4}.Release|ARM.ActiveCfg = Release|Any CPU
		{C9D35057-E7B7-45FF-B590-06DEFBFA78A4}.Release|ARM.Build.0 = Release|Any CPU
		{C9D35057-E7B7-45FF-B590-06DEFBFA78A4}.Release|x64.ActiveCfg = Release|Any CPU
		{C9D35057-E7B7-45FF-B590-06DEFBFA78A4}.Release|x64.Build.0 = Release|Any CPU
		{C9D35057-E7B7-45FF-B590-06DEFBFA78A4}.Release|x86.ActiveCfg = Release|Any CPU
		{C9D35057-E7B7-45FF-B590-06DEFBFA78A4}.Release|x86.Build.0 = Release|Any CPU
		{1DCF794E-66FF-49A5-9930-8A0FCC7B0F96}.Debug|Any CPU.ActiveCfg = Debug|Any CPU
		{1DCF794E-66FF-49A5-9930-8A0FCC7B0F96}.Debug|Any CPU.Build.0 = Debug|Any CPU
		{1DCF794E-66FF-49A5-9930-8A0FCC7B0F96}.Debug|ARM.ActiveCfg = Debug|Any CPU
		{1DCF794E-66FF-49A5-9930-8A0FCC7B0F96}.Debug|ARM.Build.0 = Debug|Any CPU
		{1DCF794E-66FF-49A5-9930-8A0FCC7B0F96}.Debug|x64.ActiveCfg = Debug|Any CPU
		{1DCF794E-66FF-49A5-9930-8A0FCC7B0F96}.Debug|x64.Build.0 = Debug|Any CPU
		{1DCF794E-66FF-49A5-9930-8A0FCC7B0F96}.Debug|x86.ActiveCfg = Debug|Any CPU
		{1DCF794E-66FF-49A5-9930-8A0FCC7B0F96}.Debug|x86.Build.0 = Debug|Any CPU
		{1DCF794E-66FF-49A5-9930-8A0FCC7B0F96}.Release|Any CPU.ActiveCfg = Release|Any CPU
		{1DCF794E-66FF-49A5-9930-8A0FCC7B0F96}.Release|Any CPU.Build.0 = Release|Any CPU
		{1DCF794E-66FF-49A5-9930-8A0FCC7B0F96}.Release|ARM.ActiveCfg = Release|Any CPU
		{1DCF794E-66FF-49A5-9930-8A0FCC7B0F96}.Release|ARM.Build.0 = Release|Any CPU
		{1DCF794E-66FF-49A5-9930-8A0FCC7B0F96}.Release|x64.ActiveCfg = Release|Any CPU
		{1DCF794E-66FF-49A5-9930-8A0FCC7B0F96}.Release|x64.Build.0 = Release|Any CPU
		{1DCF794E-66FF-49A5-9930-8A0FCC7B0F96}.Release|x86.ActiveCfg = Release|Any CPU
		{1DCF794E-66FF-49A5-9930-8A0FCC7B0F96}.Release|x86.Build.0 = Release|Any CPU
		{E7EAF705-B617-4FC7-B7CF-184714404B8F}.Debug|Any CPU.ActiveCfg = Debug|Any CPU
		{E7EAF705-B617-4FC7-B7CF-184714404B8F}.Debug|Any CPU.Build.0 = Debug|Any CPU
		{E7EAF705-B617-4FC7-B7CF-184714404B8F}.Debug|ARM.ActiveCfg = Debug|Any CPU
		{E7EAF705-B617-4FC7-B7CF-184714404B8F}.Debug|ARM.Build.0 = Debug|Any CPU
		{E7EAF705-B617-4FC7-B7CF-184714404B8F}.Debug|x64.ActiveCfg = Debug|Any CPU
		{E7EAF705-B617-4FC7-B7CF-184714404B8F}.Debug|x64.Build.0 = Debug|Any CPU
		{E7EAF705-B617-4FC7-B7CF-184714404B8F}.Debug|x86.ActiveCfg = Debug|Any CPU
		{E7EAF705-B617-4FC7-B7CF-184714404B8F}.Debug|x86.Build.0 = Debug|Any CPU
		{E7EAF705-B617-4FC7-B7CF-184714404B8F}.Release|Any CPU.ActiveCfg = Release|Any CPU
		{E7EAF705-B617-4FC7-B7CF-184714404B8F}.Release|Any CPU.Build.0 = Release|Any CPU
		{E7EAF705-B617-4FC7-B7CF-184714404B8F}.Release|ARM.ActiveCfg = Release|Any CPU
		{E7EAF705-B617-4FC7-B7CF-184714404B8F}.Release|ARM.Build.0 = Release|Any CPU
		{E7EAF705-B617-4FC7-B7CF-184714404B8F}.Release|x64.ActiveCfg = Release|Any CPU
		{E7EAF705-B617-4FC7-B7CF-184714404B8F}.Release|x64.Build.0 = Release|Any CPU
		{E7EAF705-B617-4FC7-B7CF-184714404B8F}.Release|x86.ActiveCfg = Release|Any CPU
		{E7EAF705-B617-4FC7-B7CF-184714404B8F}.Release|x86.Build.0 = Release|Any CPU
		{668525E7-6F1F-45D8-B74F-0C87D5076098}.Debug|Any CPU.ActiveCfg = Debug|Any CPU
		{668525E7-6F1F-45D8-B74F-0C87D5076098}.Debug|Any CPU.Build.0 = Debug|Any CPU
		{668525E7-6F1F-45D8-B74F-0C87D5076098}.Debug|ARM.ActiveCfg = Debug|Any CPU
		{668525E7-6F1F-45D8-B74F-0C87D5076098}.Debug|ARM.Build.0 = Debug|Any CPU
		{668525E7-6F1F-45D8-B74F-0C87D5076098}.Debug|x64.ActiveCfg = Debug|Any CPU
		{668525E7-6F1F-45D8-B74F-0C87D5076098}.Debug|x64.Build.0 = Debug|Any CPU
		{668525E7-6F1F-45D8-B74F-0C87D5076098}.Debug|x86.ActiveCfg = Debug|Any CPU
		{668525E7-6F1F-45D8-B74F-0C87D5076098}.Debug|x86.Build.0 = Debug|Any CPU
		{668525E7-6F1F-45D8-B74F-0C87D5076098}.Release|Any CPU.ActiveCfg = Release|Any CPU
		{668525E7-6F1F-45D8-B74F-0C87D5076098}.Release|Any CPU.Build.0 = Release|Any CPU
		{668525E7-6F1F-45D8-B74F-0C87D5076098}.Release|ARM.ActiveCfg = Release|Any CPU
		{668525E7-6F1F-45D8-B74F-0C87D5076098}.Release|ARM.Build.0 = Release|Any CPU
		{668525E7-6F1F-45D8-B74F-0C87D5076098}.Release|x64.ActiveCfg = Release|Any CPU
		{668525E7-6F1F-45D8-B74F-0C87D5076098}.Release|x64.Build.0 = Release|Any CPU
		{668525E7-6F1F-45D8-B74F-0C87D5076098}.Release|x86.ActiveCfg = Release|Any CPU
		{668525E7-6F1F-45D8-B74F-0C87D5076098}.Release|x86.Build.0 = Release|Any CPU
		{8F7D2699-F32E-499C-9489-5D81A821916A}.Debug|Any CPU.ActiveCfg = Debug|Any CPU
		{8F7D2699-F32E-499C-9489-5D81A821916A}.Debug|Any CPU.Build.0 = Debug|Any CPU
		{8F7D2699-F32E-499C-9489-5D81A821916A}.Debug|ARM.ActiveCfg = Debug|Any CPU
		{8F7D2699-F32E-499C-9489-5D81A821916A}.Debug|ARM.Build.0 = Debug|Any CPU
		{8F7D2699-F32E-499C-9489-5D81A821916A}.Debug|x64.ActiveCfg = Debug|Any CPU
		{8F7D2699-F32E-499C-9489-5D81A821916A}.Debug|x64.Build.0 = Debug|Any CPU
		{8F7D2699-F32E-499C-9489-5D81A821916A}.Debug|x86.ActiveCfg = Debug|Any CPU
		{8F7D2699-F32E-499C-9489-5D81A821916A}.Debug|x86.Build.0 = Debug|Any CPU
		{8F7D2699-F32E-499C-9489-5D81A821916A}.Release|Any CPU.ActiveCfg = Release|Any CPU
		{8F7D2699-F32E-499C-9489-5D81A821916A}.Release|Any CPU.Build.0 = Release|Any CPU
		{8F7D2699-F32E-499C-9489-5D81A821916A}.Release|ARM.ActiveCfg = Release|Any CPU
		{8F7D2699-F32E-499C-9489-5D81A821916A}.Release|ARM.Build.0 = Release|Any CPU
		{8F7D2699-F32E-499C-9489-5D81A821916A}.Release|x64.ActiveCfg = Release|Any CPU
		{8F7D2699-F32E-499C-9489-5D81A821916A}.Release|x64.Build.0 = Release|Any CPU
		{8F7D2699-F32E-499C-9489-5D81A821916A}.Release|x86.ActiveCfg = Release|Any CPU
		{8F7D2699-F32E-499C-9489-5D81A821916A}.Release|x86.Build.0 = Release|Any CPU
		{FDFD370F-D966-496E-B110-41C6CBCE9474}.Debug|Any CPU.ActiveCfg = Debug|Any CPU
		{FDFD370F-D966-496E-B110-41C6CBCE9474}.Debug|Any CPU.Build.0 = Debug|Any CPU
		{FDFD370F-D966-496E-B110-41C6CBCE9474}.Debug|ARM.ActiveCfg = Debug|Any CPU
		{FDFD370F-D966-496E-B110-41C6CBCE9474}.Debug|ARM.Build.0 = Debug|Any CPU
		{FDFD370F-D966-496E-B110-41C6CBCE9474}.Debug|x64.ActiveCfg = Debug|Any CPU
		{FDFD370F-D966-496E-B110-41C6CBCE9474}.Debug|x64.Build.0 = Debug|Any CPU
		{FDFD370F-D966-496E-B110-41C6CBCE9474}.Debug|x86.ActiveCfg = Debug|Any CPU
		{FDFD370F-D966-496E-B110-41C6CBCE9474}.Debug|x86.Build.0 = Debug|Any CPU
		{FDFD370F-D966-496E-B110-41C6CBCE9474}.Release|Any CPU.ActiveCfg = Release|Any CPU
		{FDFD370F-D966-496E-B110-41C6CBCE9474}.Release|Any CPU.Build.0 = Release|Any CPU
		{FDFD370F-D966-496E-B110-41C6CBCE9474}.Release|ARM.ActiveCfg = Release|Any CPU
		{FDFD370F-D966-496E-B110-41C6CBCE9474}.Release|ARM.Build.0 = Release|Any CPU
		{FDFD370F-D966-496E-B110-41C6CBCE9474}.Release|x64.ActiveCfg = Release|Any CPU
		{FDFD370F-D966-496E-B110-41C6CBCE9474}.Release|x64.Build.0 = Release|Any CPU
		{FDFD370F-D966-496E-B110-41C6CBCE9474}.Release|x86.ActiveCfg = Release|Any CPU
		{FDFD370F-D966-496E-B110-41C6CBCE9474}.Release|x86.Build.0 = Release|Any CPU
		{9D4A1DB3-0C53-4C49-BD17-2B5803AF0B44}.Debug|Any CPU.ActiveCfg = Debug|Any CPU
		{9D4A1DB3-0C53-4C49-BD17-2B5803AF0B44}.Debug|Any CPU.Build.0 = Debug|Any CPU
		{9D4A1DB3-0C53-4C49-BD17-2B5803AF0B44}.Debug|ARM.ActiveCfg = Debug|Any CPU
		{9D4A1DB3-0C53-4C49-BD17-2B5803AF0B44}.Debug|ARM.Build.0 = Debug|Any CPU
		{9D4A1DB3-0C53-4C49-BD17-2B5803AF0B44}.Debug|x64.ActiveCfg = Debug|Any CPU
		{9D4A1DB3-0C53-4C49-BD17-2B5803AF0B44}.Debug|x64.Build.0 = Debug|Any CPU
		{9D4A1DB3-0C53-4C49-BD17-2B5803AF0B44}.Debug|x86.ActiveCfg = Debug|Any CPU
		{9D4A1DB3-0C53-4C49-BD17-2B5803AF0B44}.Debug|x86.Build.0 = Debug|Any CPU
		{9D4A1DB3-0C53-4C49-BD17-2B5803AF0B44}.Release|Any CPU.ActiveCfg = Release|Any CPU
		{9D4A1DB3-0C53-4C49-BD17-2B5803AF0B44}.Release|Any CPU.Build.0 = Release|Any CPU
		{9D4A1DB3-0C53-4C49-BD17-2B5803AF0B44}.Release|ARM.ActiveCfg = Release|Any CPU
		{9D4A1DB3-0C53-4C49-BD17-2B5803AF0B44}.Release|ARM.Build.0 = Release|Any CPU
		{9D4A1DB3-0C53-4C49-BD17-2B5803AF0B44}.Release|x64.ActiveCfg = Release|Any CPU
		{9D4A1DB3-0C53-4C49-BD17-2B5803AF0B44}.Release|x64.Build.0 = Release|Any CPU
		{9D4A1DB3-0C53-4C49-BD17-2B5803AF0B44}.Release|x86.ActiveCfg = Release|Any CPU
		{9D4A1DB3-0C53-4C49-BD17-2B5803AF0B44}.Release|x86.Build.0 = Release|Any CPU
	EndGlobalSection
	GlobalSection(SolutionProperties) = preSolution
		HideSolutionNode = FALSE
	EndGlobalSection
	GlobalSection(ExtensibilityGlobals) = postSolution
		SolutionGuid = {57839348-DC96-4633-B161-7294C87803D0}
	EndGlobalSection
EndGlobal
