
Microsoft Visual Studio Solution File, Format Version 12.00
# Visual Studio 15
VisualStudioVersion = 15.0.28307.421
MinimumVisualStudioVersion = 10.0.40219.1
Project("{FAE04EC0-301F-11D3-BF4B-00C04F79EFBC}") = "Q01 Largest Common End", "Q01 Largest Common End\Q01 Largest Common End.csproj", "{A3DF4B8F-16D8-4169-BE21-B671B0D15EA0}"
EndProject
Project("{FAE04EC0-301F-11D3-BF4B-00C04F79EFBC}") = "Q01 V2", "Q01 V2\Q01 V2.csproj", "{05491B30-2C0E-44D1-AF67-B6D4413B8D45}"
EndProject
Project("{FAE04EC0-301F-11D3-BF4B-00C04F79EFBC}") = "Q02 Rotate and Sum", "Q02 Rotate and Sum\Q02 Rotate and Sum.csproj", "{B757A430-6CEB-4997-8840-CCD04468E2B4}"
EndProject
Project("{FAE04EC0-301F-11D3-BF4B-00C04F79EFBC}") = "Q02 Rotate V2", "Q02 Rotate V2\Q02 Rotate V2.csproj", "{8BEEBC67-5B15-40DB-86A8-8DFC78D5F398}"
EndProject
Project("{FAE04EC0-301F-11D3-BF4B-00C04F79EFBC}") = "Q03 Fold and Sum", "Q03 Fold and Sum\Q03 Fold and Sum.csproj", "{A279EE31-3CD2-44F5-A618-489EF9C4E990}"
EndProject
Project("{FAE04EC0-301F-11D3-BF4B-00C04F79EFBC}") = "Q04 Sieve of Eratosthes", "Q04 Sieve of Eratosthes\Q04 Sieve of Eratosthes.csproj", "{386EF588-FE59-46F2-8D5B-A18C6E83B64B}"
EndProject
Project("{FAE04EC0-301F-11D3-BF4B-00C04F79EFBC}") = "Q04 V2", "Q04 V2\Q04 V2.csproj", "{8F6E3EE7-5763-4C3E-9705-0974F6FF17E2}"
EndProject
Project("{FAE04EC0-301F-11D3-BF4B-00C04F79EFBC}") = "Q05 Compare Char Arrays", "Q05 Compare Char Arrays\Q05 Compare Char Arrays.csproj", "{0B271F54-BAB3-4354-B746-2397981838E5}"
EndProject
Project("{FAE04EC0-301F-11D3-BF4B-00C04F79EFBC}") = "Q06 Max Seq of elements", "Q06 Max Seq of elements\Q06 Max Seq of elements.csproj", "{79D29CA2-4060-4BFC-B5A7-3E63B572CABA}"
EndProject
Global
	GlobalSection(SolutionConfigurationPlatforms) = preSolution
		Debug|Any CPU = Debug|Any CPU
		Release|Any CPU = Release|Any CPU
	EndGlobalSection
	GlobalSection(ProjectConfigurationPlatforms) = postSolution
		{A3DF4B8F-16D8-4169-BE21-B671B0D15EA0}.Debug|Any CPU.ActiveCfg = Debug|Any CPU
		{A3DF4B8F-16D8-4169-BE21-B671B0D15EA0}.Debug|Any CPU.Build.0 = Debug|Any CPU
		{A3DF4B8F-16D8-4169-BE21-B671B0D15EA0}.Release|Any CPU.ActiveCfg = Release|Any CPU
		{A3DF4B8F-16D8-4169-BE21-B671B0D15EA0}.Release|Any CPU.Build.0 = Release|Any CPU
		{05491B30-2C0E-44D1-AF67-B6D4413B8D45}.Debug|Any CPU.ActiveCfg = Debug|Any CPU
		{05491B30-2C0E-44D1-AF67-B6D4413B8D45}.Debug|Any CPU.Build.0 = Debug|Any CPU
		{05491B30-2C0E-44D1-AF67-B6D4413B8D45}.Release|Any CPU.ActiveCfg = Release|Any CPU
		{05491B30-2C0E-44D1-AF67-B6D4413B8D45}.Release|Any CPU.Build.0 = Release|Any CPU
		{B757A430-6CEB-4997-8840-CCD04468E2B4}.Debug|Any CPU.ActiveCfg = Debug|Any CPU
		{B757A430-6CEB-4997-8840-CCD04468E2B4}.Debug|Any CPU.Build.0 = Debug|Any CPU
		{B757A430-6CEB-4997-8840-CCD04468E2B4}.Release|Any CPU.ActiveCfg = Release|Any CPU
		{B757A430-6CEB-4997-8840-CCD04468E2B4}.Release|Any CPU.Build.0 = Release|Any CPU
		{8BEEBC67-5B15-40DB-86A8-8DFC78D5F398}.Debug|Any CPU.ActiveCfg = Debug|Any CPU
		{8BEEBC67-5B15-40DB-86A8-8DFC78D5F398}.Debug|Any CPU.Build.0 = Debug|Any CPU
		{8BEEBC67-5B15-40DB-86A8-8DFC78D5F398}.Release|Any CPU.ActiveCfg = Release|Any CPU
		{8BEEBC67-5B15-40DB-86A8-8DFC78D5F398}.Release|Any CPU.Build.0 = Release|Any CPU
		{A279EE31-3CD2-44F5-A618-489EF9C4E990}.Debug|Any CPU.ActiveCfg = Debug|Any CPU
		{A279EE31-3CD2-44F5-A618-489EF9C4E990}.Debug|Any CPU.Build.0 = Debug|Any CPU
		{A279EE31-3CD2-44F5-A618-489EF9C4E990}.Release|Any CPU.ActiveCfg = Release|Any CPU
		{A279EE31-3CD2-44F5-A618-489EF9C4E990}.Release|Any CPU.Build.0 = Release|Any CPU
		{386EF588-FE59-46F2-8D5B-A18C6E83B64B}.Debug|Any CPU.ActiveCfg = Debug|Any CPU
		{386EF588-FE59-46F2-8D5B-A18C6E83B64B}.Debug|Any CPU.Build.0 = Debug|Any CPU
		{386EF588-FE59-46F2-8D5B-A18C6E83B64B}.Release|Any CPU.ActiveCfg = Release|Any CPU
		{386EF588-FE59-46F2-8D5B-A18C6E83B64B}.Release|Any CPU.Build.0 = Release|Any CPU
		{8F6E3EE7-5763-4C3E-9705-0974F6FF17E2}.Debug|Any CPU.ActiveCfg = Debug|Any CPU
		{8F6E3EE7-5763-4C3E-9705-0974F6FF17E2}.Debug|Any CPU.Build.0 = Debug|Any CPU
		{8F6E3EE7-5763-4C3E-9705-0974F6FF17E2}.Release|Any CPU.ActiveCfg = Release|Any CPU
		{8F6E3EE7-5763-4C3E-9705-0974F6FF17E2}.Release|Any CPU.Build.0 = Release|Any CPU
		{0B271F54-BAB3-4354-B746-2397981838E5}.Debug|Any CPU.ActiveCfg = Debug|Any CPU
		{0B271F54-BAB3-4354-B746-2397981838E5}.Debug|Any CPU.Build.0 = Debug|Any CPU
		{0B271F54-BAB3-4354-B746-2397981838E5}.Release|Any CPU.ActiveCfg = Release|Any CPU
		{0B271F54-BAB3-4354-B746-2397981838E5}.Release|Any CPU.Build.0 = Release|Any CPU
		{79D29CA2-4060-4BFC-B5A7-3E63B572CABA}.Debug|Any CPU.ActiveCfg = Debug|Any CPU
		{79D29CA2-4060-4BFC-B5A7-3E63B572CABA}.Debug|Any CPU.Build.0 = Debug|Any CPU
		{79D29CA2-4060-4BFC-B5A7-3E63B572CABA}.Release|Any CPU.ActiveCfg = Release|Any CPU
		{79D29CA2-4060-4BFC-B5A7-3E63B572CABA}.Release|Any CPU.Build.0 = Release|Any CPU
	EndGlobalSection
	GlobalSection(SolutionProperties) = preSolution
		HideSolutionNode = FALSE
	EndGlobalSection
	GlobalSection(ExtensibilityGlobals) = postSolution
		SolutionGuid = {13172804-80BE-46D5-8064-FE797851633F}
	EndGlobalSection
EndGlobal
