
Microsoft Visual Studio Solution File, Format Version 12.00
# Visual Studio 15
VisualStudioVersion = 15.0.28307.421
MinimumVisualStudioVersion = 10.0.40219.1
Project("{FAE04EC0-301F-11D3-BF4B-00C04F79EFBC}") = "Q01 Largest Common End", "Q01 Largest Common End\Q01 Largest Common End.csproj", "{A3DF4B8F-16D8-4169-BE21-B671B0D15EA0}"
EndProject
Project("{FAE04EC0-301F-11D3-BF4B-00C04F79EFBC}") = "Q01 V2", "Q01 V2\Q01 V2.csproj", "{05491B30-2C0E-44D1-AF67-B6D4413B8D45}"
EndProject
Global
	GlobalSection(SolutionConfigurationPlatforms) = preSolution
		Debug|Any CPU = Debug|Any CPU
		Release|Any CPU = Release|Any CPU
	EndGlobalSection
	GlobalSection(ProjectConfigurationPlatforms) = postSolution
		{A3DF4B8F-16D8-4169-BE21-B671B0D15EA0}.Debug|Any CPU.ActiveCfg = Debug|Any CPU
		{A3DF4B8F-16D8-4169-BE21-B671B0D15EA0}.Debug|Any CPU.Build.0 = Debug|Any CPU
		{A3DF4B8F-16D8-4169-BE21-B671B0D15EA0}.Release|Any CPU.ActiveCfg = Release|Any CPU
		{A3DF4B8F-16D8-4169-BE21-B671B0D15EA0}.Release|Any CPU.Build.0 = Release|Any CPU
		{05491B30-2C0E-44D1-AF67-B6D4413B8D45}.Debug|Any CPU.ActiveCfg = Debug|Any CPU
		{05491B30-2C0E-44D1-AF67-B6D4413B8D45}.Debug|Any CPU.Build.0 = Debug|Any CPU
		{05491B30-2C0E-44D1-AF67-B6D4413B8D45}.Release|Any CPU.ActiveCfg = Release|Any CPU
		{05491B30-2C0E-44D1-AF67-B6D4413B8D45}.Release|Any CPU.Build.0 = Release|Any CPU
	EndGlobalSection
	GlobalSection(SolutionProperties) = preSolution
		HideSolutionNode = FALSE
	EndGlobalSection
	GlobalSection(ExtensibilityGlobals) = postSolution
		SolutionGuid = {13172804-80BE-46D5-8064-FE797851633F}
	EndGlobalSection
EndGlobal
