
Microsoft Visual Studio Solution File, Format Version 12.00
# Visual Studio 15
VisualStudioVersion = 15.0.28307.421
MinimumVisualStudioVersion = 10.0.40219.1
Project("{FAE04EC0-301F-11D3-BF4B-00C04F79EFBC}") = "Q01 Train", "Q01 Train\Q01 Train.csproj", "{BB815143-2798-48BB-9FA2-3626D09A7091}"
EndProject
Project("{FAE04EC0-301F-11D3-BF4B-00C04F79EFBC}") = "Q02 Change List", "Q02 Change List\Q02 Change List.csproj", "{645A1747-8CA0-4F01-A1DB-315CB4F6474B}"
EndProject
Project("{FAE04EC0-301F-11D3-BF4B-00C04F79EFBC}") = "Q03 House Party", "Q03 House Party\Q03 House Party.csproj", "{06325795-E72F-47C5-810F-C592046C6D32}"
EndProject
Global
	GlobalSection(SolutionConfigurationPlatforms) = preSolution
		Debug|Any CPU = Debug|Any CPU
		Release|Any CPU = Release|Any CPU
	EndGlobalSection
	GlobalSection(ProjectConfigurationPlatforms) = postSolution
		{BB815143-2798-48BB-9FA2-3626D09A7091}.Debug|Any CPU.ActiveCfg = Debug|Any CPU
		{BB815143-2798-48BB-9FA2-3626D09A7091}.Debug|Any CPU.Build.0 = Debug|Any CPU
		{BB815143-2798-48BB-9FA2-3626D09A7091}.Release|Any CPU.ActiveCfg = Release|Any CPU
		{BB815143-2798-48BB-9FA2-3626D09A7091}.Release|Any CPU.Build.0 = Release|Any CPU
		{645A1747-8CA0-4F01-A1DB-315CB4F6474B}.Debug|Any CPU.ActiveCfg = Debug|Any CPU
		{645A1747-8CA0-4F01-A1DB-315CB4F6474B}.Debug|Any CPU.Build.0 = Debug|Any CPU
		{645A1747-8CA0-4F01-A1DB-315CB4F6474B}.Release|Any CPU.ActiveCfg = Release|Any CPU
		{645A1747-8CA0-4F01-A1DB-315CB4F6474B}.Release|Any CPU.Build.0 = Release|Any CPU
		{06325795-E72F-47C5-810F-C592046C6D32}.Debug|Any CPU.ActiveCfg = Debug|Any CPU
		{06325795-E72F-47C5-810F-C592046C6D32}.Debug|Any CPU.Build.0 = Debug|Any CPU
		{06325795-E72F-47C5-810F-C592046C6D32}.Release|Any CPU.ActiveCfg = Release|Any CPU
		{06325795-E72F-47C5-810F-C592046C6D32}.Release|Any CPU.Build.0 = Release|Any CPU
	EndGlobalSection
	GlobalSection(SolutionProperties) = preSolution
		HideSolutionNode = FALSE
	EndGlobalSection
	GlobalSection(ExtensibilityGlobals) = postSolution
		SolutionGuid = {AD0FBFB4-F42A-4552-8628-EB1E1364CE14}
	EndGlobalSection
EndGlobal
