
Microsoft Visual Studio Solution File, Format Version 12.00
# Visual Studio Version 16
VisualStudioVersion = 16.0.29009.5
MinimumVisualStudioVersion = 10.0.40219.1
Project("{FAE04EC0-301F-11D3-BF4B-00C04F79EFBC}") = "Q01 Convert Bases", "Q01 Convert Bases\Q01 Convert Bases.csproj", "{D64F359C-2470-48F3-98AC-499E03CE59E8}"
EndProject
Project("{FAE04EC0-301F-11D3-BF4B-00C04F79EFBC}") = "Q02 Convert Bases 2", "Q02 Convert Bases 2\Q02 Convert Bases 2.csproj", "{89A7E749-EA1D-4E6A-99E9-6A4BB9DDC99B}"
EndProject
Project("{FAE04EC0-301F-11D3-BF4B-00C04F79EFBC}") = "Q03 Unicode Char", "Q03 Unicode Char\Q03 Unicode Char.csproj", "{A8FA302B-3A88-4D47-8A8B-D43E0DFA8B4A}"
EndProject
Project("{FAE04EC0-301F-11D3-BF4B-00C04F79EFBC}") = "Q04 Char Multiplier", "Q04 Char Multiplier\Q04 Char Multiplier.csproj", "{18E424A4-2D40-4EBF-90B7-A5921ED6459E}"
EndProject
Project("{FAE04EC0-301F-11D3-BF4B-00C04F79EFBC}") = "Q05 Magic Change Words", "Q05 Magic Change Words\Q05 Magic Change Words.csproj", "{46D16F39-7700-4329-AEBF-5213DB639714}"
EndProject
Project("{FAE04EC0-301F-11D3-BF4B-00C04F79EFBC}") = "Q06 Sum Big Nums", "Q06 Sum Big Nums\Q06 Sum Big Nums.csproj", "{B4F47112-05AE-4434-9822-8AEA8E9D7F60}"
EndProject
Global
	GlobalSection(SolutionConfigurationPlatforms) = preSolution
		Debug|Any CPU = Debug|Any CPU
		Release|Any CPU = Release|Any CPU
	EndGlobalSection
	GlobalSection(ProjectConfigurationPlatforms) = postSolution
		{D64F359C-2470-48F3-98AC-499E03CE59E8}.Debug|Any CPU.ActiveCfg = Debug|Any CPU
		{D64F359C-2470-48F3-98AC-499E03CE59E8}.Debug|Any CPU.Build.0 = Debug|Any CPU
		{D64F359C-2470-48F3-98AC-499E03CE59E8}.Release|Any CPU.ActiveCfg = Release|Any CPU
		{D64F359C-2470-48F3-98AC-499E03CE59E8}.Release|Any CPU.Build.0 = Release|Any CPU
		{89A7E749-EA1D-4E6A-99E9-6A4BB9DDC99B}.Debug|Any CPU.ActiveCfg = Debug|Any CPU
		{89A7E749-EA1D-4E6A-99E9-6A4BB9DDC99B}.Debug|Any CPU.Build.0 = Debug|Any CPU
		{89A7E749-EA1D-4E6A-99E9-6A4BB9DDC99B}.Release|Any CPU.ActiveCfg = Release|Any CPU
		{89A7E749-EA1D-4E6A-99E9-6A4BB9DDC99B}.Release|Any CPU.Build.0 = Release|Any CPU
		{A8FA302B-3A88-4D47-8A8B-D43E0DFA8B4A}.Debug|Any CPU.ActiveCfg = Debug|Any CPU
		{A8FA302B-3A88-4D47-8A8B-D43E0DFA8B4A}.Debug|Any CPU.Build.0 = Debug|Any CPU
		{A8FA302B-3A88-4D47-8A8B-D43E0DFA8B4A}.Release|Any CPU.ActiveCfg = Release|Any CPU
		{A8FA302B-3A88-4D47-8A8B-D43E0DFA8B4A}.Release|Any CPU.Build.0 = Release|Any CPU
		{18E424A4-2D40-4EBF-90B7-A5921ED6459E}.Debug|Any CPU.ActiveCfg = Debug|Any CPU
		{18E424A4-2D40-4EBF-90B7-A5921ED6459E}.Debug|Any CPU.Build.0 = Debug|Any CPU
		{18E424A4-2D40-4EBF-90B7-A5921ED6459E}.Release|Any CPU.ActiveCfg = Release|Any CPU
		{18E424A4-2D40-4EBF-90B7-A5921ED6459E}.Release|Any CPU.Build.0 = Release|Any CPU
		{46D16F39-7700-4329-AEBF-5213DB639714}.Debug|Any CPU.ActiveCfg = Debug|Any CPU
		{46D16F39-7700-4329-AEBF-5213DB639714}.Debug|Any CPU.Build.0 = Debug|Any CPU
		{46D16F39-7700-4329-AEBF-5213DB639714}.Release|Any CPU.ActiveCfg = Release|Any CPU
		{46D16F39-7700-4329-AEBF-5213DB639714}.Release|Any CPU.Build.0 = Release|Any CPU
		{B4F47112-05AE-4434-9822-8AEA8E9D7F60}.Debug|Any CPU.ActiveCfg = Debug|Any CPU
		{B4F47112-05AE-4434-9822-8AEA8E9D7F60}.Debug|Any CPU.Build.0 = Debug|Any CPU
		{B4F47112-05AE-4434-9822-8AEA8E9D7F60}.Release|Any CPU.ActiveCfg = Release|Any CPU
		{B4F47112-05AE-4434-9822-8AEA8E9D7F60}.Release|Any CPU.Build.0 = Release|Any CPU
	EndGlobalSection
	GlobalSection(SolutionProperties) = preSolution
		HideSolutionNode = FALSE
	EndGlobalSection
	GlobalSection(ExtensibilityGlobals) = postSolution
		SolutionGuid = {F8A8FC87-14E3-4679-A679-39E13DAE4B47}
	EndGlobalSection
EndGlobal
