
Microsoft Visual Studio Solution File, Format Version 12.00
# Visual Studio 15
VisualStudioVersion = 15.0.28307.421
MinimumVisualStudioVersion = 10.0.40219.1
Project("{FAE04EC0-301F-11D3-BF4B-00C04F79EFBC}") = "Q01 Convert Bases", "Q01 Convert Bases\Q01 Convert Bases.csproj", "{D64F359C-2470-48F3-98AC-499E03CE59E8}"
EndProject
Global
	GlobalSection(SolutionConfigurationPlatforms) = preSolution
		Debug|Any CPU = Debug|Any CPU
		Release|Any CPU = Release|Any CPU
	EndGlobalSection
	GlobalSection(ProjectConfigurationPlatforms) = postSolution
		{D64F359C-2470-48F3-98AC-499E03CE59E8}.Debug|Any CPU.ActiveCfg = Debug|Any CPU
		{D64F359C-2470-48F3-98AC-499E03CE59E8}.Debug|Any CPU.Build.0 = Debug|Any CPU
		{D64F359C-2470-48F3-98AC-499E03CE59E8}.Release|Any CPU.ActiveCfg = Release|Any CPU
		{D64F359C-2470-48F3-98AC-499E03CE59E8}.Release|Any CPU.Build.0 = Release|Any CPU
	EndGlobalSection
	GlobalSection(SolutionProperties) = preSolution
		HideSolutionNode = FALSE
	EndGlobalSection
	GlobalSection(ExtensibilityGlobals) = postSolution
		SolutionGuid = {F8A8FC87-14E3-4679-A679-39E13DAE4B47}
	EndGlobalSection
EndGlobal
