
Microsoft Visual Studio Solution File, Format Version 12.00
# Visual Studio 15
VisualStudioVersion = 15.0.28307.421
MinimumVisualStudioVersion = 10.0.40219.1
Project("{FAE04EC0-301F-11D3-BF4B-00C04F79EFBC}") = "Q01 Reverse String", "Q01 Reverse String\Q01 Reverse String.csproj", "{0CBB493B-224C-4B86-8BF9-BCED7433BB52}"
EndProject
Project("{FAE04EC0-301F-11D3-BF4B-00C04F79EFBC}") = "Q02 Count Substrings", "Q02 Count Substrings\Q02 Count Substrings.csproj", "{3C30C240-F7CE-4034-AB65-BDEDF0C6231F}"
EndProject
Project("{FAE04EC0-301F-11D3-BF4B-00C04F79EFBC}") = "Q03 Text Filter", "Q03 Text Filter\Q03 Text Filter.csproj", "{C03008AC-5A56-4F92-AE4F-E032459B7057}"
EndProject
Project("{FAE04EC0-301F-11D3-BF4B-00C04F79EFBC}") = "Q01 V2", "Q01 V2\Q01 V2.csproj", "{8EE46F8F-E2D6-400E-9A04-452E834B5EA2}"
EndProject
Project("{FAE04EC0-301F-11D3-BF4B-00C04F79EFBC}") = "Q02 V2", "Q02 V2\Q02 V2.csproj", "{A6B43412-2D0B-4003-990F-A8B7CB4AC8C0}"
EndProject
Global
	GlobalSection(SolutionConfigurationPlatforms) = preSolution
		Debug|Any CPU = Debug|Any CPU
		Release|Any CPU = Release|Any CPU
	EndGlobalSection
	GlobalSection(ProjectConfigurationPlatforms) = postSolution
		{0CBB493B-224C-4B86-8BF9-BCED7433BB52}.Debug|Any CPU.ActiveCfg = Debug|Any CPU
		{0CBB493B-224C-4B86-8BF9-BCED7433BB52}.Debug|Any CPU.Build.0 = Debug|Any CPU
		{0CBB493B-224C-4B86-8BF9-BCED7433BB52}.Release|Any CPU.ActiveCfg = Release|Any CPU
		{0CBB493B-224C-4B86-8BF9-BCED7433BB52}.Release|Any CPU.Build.0 = Release|Any CPU
		{3C30C240-F7CE-4034-AB65-BDEDF0C6231F}.Debug|Any CPU.ActiveCfg = Debug|Any CPU
		{3C30C240-F7CE-4034-AB65-BDEDF0C6231F}.Debug|Any CPU.Build.0 = Debug|Any CPU
		{3C30C240-F7CE-4034-AB65-BDEDF0C6231F}.Release|Any CPU.ActiveCfg = Release|Any CPU
		{3C30C240-F7CE-4034-AB65-BDEDF0C6231F}.Release|Any CPU.Build.0 = Release|Any CPU
		{C03008AC-5A56-4F92-AE4F-E032459B7057}.Debug|Any CPU.ActiveCfg = Debug|Any CPU
		{C03008AC-5A56-4F92-AE4F-E032459B7057}.Debug|Any CPU.Build.0 = Debug|Any CPU
		{C03008AC-5A56-4F92-AE4F-E032459B7057}.Release|Any CPU.ActiveCfg = Release|Any CPU
		{C03008AC-5A56-4F92-AE4F-E032459B7057}.Release|Any CPU.Build.0 = Release|Any CPU
		{8EE46F8F-E2D6-400E-9A04-452E834B5EA2}.Debug|Any CPU.ActiveCfg = Debug|Any CPU
		{8EE46F8F-E2D6-400E-9A04-452E834B5EA2}.Debug|Any CPU.Build.0 = Debug|Any CPU
		{8EE46F8F-E2D6-400E-9A04-452E834B5EA2}.Release|Any CPU.ActiveCfg = Release|Any CPU
		{8EE46F8F-E2D6-400E-9A04-452E834B5EA2}.Release|Any CPU.Build.0 = Release|Any CPU
		{A6B43412-2D0B-4003-990F-A8B7CB4AC8C0}.Debug|Any CPU.ActiveCfg = Debug|Any CPU
		{A6B43412-2D0B-4003-990F-A8B7CB4AC8C0}.Debug|Any CPU.Build.0 = Debug|Any CPU
		{A6B43412-2D0B-4003-990F-A8B7CB4AC8C0}.Release|Any CPU.ActiveCfg = Release|Any CPU
		{A6B43412-2D0B-4003-990F-A8B7CB4AC8C0}.Release|Any CPU.Build.0 = Release|Any CPU
	EndGlobalSection
	GlobalSection(SolutionProperties) = preSolution
		HideSolutionNode = FALSE
	EndGlobalSection
	GlobalSection(ExtensibilityGlobals) = postSolution
		SolutionGuid = {DACC2004-68E7-4DA5-8D9C-2815C97F04C8}
	EndGlobalSection
EndGlobal
