
Microsoft Visual Studio Solution File, Format Version 12.00
# Visual Studio 15
VisualStudioVersion = 15.0.28307.421
MinimumVisualStudioVersion = 10.0.40219.1
Project("{FAE04EC0-301F-11D3-BF4B-00C04F79EFBC}") = "Q01 Day of Week", "Q01 Day of Week\Q01 Day of Week.csproj", "{6172F12D-475B-469D-A9AF-3AFA496B8952}"
EndProject
Project("{FAE04EC0-301F-11D3-BF4B-00C04F79EFBC}") = "Q01 V2", "Q01 V2\Q01 V2.csproj", "{889C2508-FD93-4F41-AD68-A582D1814E58}"
EndProject
Project("{FAE04EC0-301F-11D3-BF4B-00C04F79EFBC}") = "Q02 Randomize Words", "Q02 Randomize Words\Q02 Randomize Words.csproj", "{E3D93F01-EFCE-4686-B4A6-796F1FC8ED74}"
EndProject
Project("{FAE04EC0-301F-11D3-BF4B-00C04F79EFBC}") = "Q02 V2", "Q02 V2\Q02 V2.csproj", "{22911813-1A17-4CF3-AE20-B0BD348DA2FA}"
EndProject
Project("{FAE04EC0-301F-11D3-BF4B-00C04F79EFBC}") = "Q03 Big Factorial", "Q03 Big Factorial\Q03 Big Factorial.csproj", "{E1269A95-ECF6-4884-9C47-E56C06832816}"
EndProject
Global
	GlobalSection(SolutionConfigurationPlatforms) = preSolution
		Debug|Any CPU = Debug|Any CPU
		Release|Any CPU = Release|Any CPU
	EndGlobalSection
	GlobalSection(ProjectConfigurationPlatforms) = postSolution
		{6172F12D-475B-469D-A9AF-3AFA496B8952}.Debug|Any CPU.ActiveCfg = Debug|Any CPU
		{6172F12D-475B-469D-A9AF-3AFA496B8952}.Debug|Any CPU.Build.0 = Debug|Any CPU
		{6172F12D-475B-469D-A9AF-3AFA496B8952}.Release|Any CPU.ActiveCfg = Release|Any CPU
		{6172F12D-475B-469D-A9AF-3AFA496B8952}.Release|Any CPU.Build.0 = Release|Any CPU
		{889C2508-FD93-4F41-AD68-A582D1814E58}.Debug|Any CPU.ActiveCfg = Debug|Any CPU
		{889C2508-FD93-4F41-AD68-A582D1814E58}.Debug|Any CPU.Build.0 = Debug|Any CPU
		{889C2508-FD93-4F41-AD68-A582D1814E58}.Release|Any CPU.ActiveCfg = Release|Any CPU
		{889C2508-FD93-4F41-AD68-A582D1814E58}.Release|Any CPU.Build.0 = Release|Any CPU
		{E3D93F01-EFCE-4686-B4A6-796F1FC8ED74}.Debug|Any CPU.ActiveCfg = Debug|Any CPU
		{E3D93F01-EFCE-4686-B4A6-796F1FC8ED74}.Debug|Any CPU.Build.0 = Debug|Any CPU
		{E3D93F01-EFCE-4686-B4A6-796F1FC8ED74}.Release|Any CPU.ActiveCfg = Release|Any CPU
		{E3D93F01-EFCE-4686-B4A6-796F1FC8ED74}.Release|Any CPU.Build.0 = Release|Any CPU
		{22911813-1A17-4CF3-AE20-B0BD348DA2FA}.Debug|Any CPU.ActiveCfg = Debug|Any CPU
		{22911813-1A17-4CF3-AE20-B0BD348DA2FA}.Debug|Any CPU.Build.0 = Debug|Any CPU
		{22911813-1A17-4CF3-AE20-B0BD348DA2FA}.Release|Any CPU.ActiveCfg = Release|Any CPU
		{22911813-1A17-4CF3-AE20-B0BD348DA2FA}.Release|Any CPU.Build.0 = Release|Any CPU
		{E1269A95-ECF6-4884-9C47-E56C06832816}.Debug|Any CPU.ActiveCfg = Debug|Any CPU
		{E1269A95-ECF6-4884-9C47-E56C06832816}.Debug|Any CPU.Build.0 = Debug|Any CPU
		{E1269A95-ECF6-4884-9C47-E56C06832816}.Release|Any CPU.ActiveCfg = Release|Any CPU
		{E1269A95-ECF6-4884-9C47-E56C06832816}.Release|Any CPU.Build.0 = Release|Any CPU
	EndGlobalSection
	GlobalSection(SolutionProperties) = preSolution
		HideSolutionNode = FALSE
	EndGlobalSection
	GlobalSection(ExtensibilityGlobals) = postSolution
		SolutionGuid = {F6EDB6F8-9C77-4FF4-97AF-45DD4DB4BFA6}
	EndGlobalSection
EndGlobal
