
Microsoft Visual Studio Solution File, Format Version 12.00
# Visual Studio 15
VisualStudioVersion = 15.0.28307.421
MinimumVisualStudioVersion = 10.0.40219.1
Project("{FAE04EC0-301F-11D3-BF4B-00C04F79EFBC}") = "Q01 Phonebook", "Q01 Phonebook\Q01 Phonebook.csproj", "{79F1CA51-B771-44F7-9FB0-5D32CC99BF14}"
EndProject
Project("{FAE04EC0-301F-11D3-BF4B-00C04F79EFBC}") = "Q02 PB Update", "Q02 PB Update\Q02 PB Update.csproj", "{135F31BB-A224-4F79-8461-91BF09DA62BA}"
EndProject
Project("{FAE04EC0-301F-11D3-BF4B-00C04F79EFBC}") = "Q03 Miner Task", "Q03 Miner Task\Q03 Miner Task.csproj", "{B98587B0-4CCD-42A4-8C81-898530D1D272}"
EndProject
Project("{FAE04EC0-301F-11D3-BF4B-00C04F79EFBC}") = "Q04 Fix Emails", "Q04 Fix Emails\Q04 Fix Emails.csproj", "{44E87365-B093-49CF-9A6C-DE9116B848C5}"
EndProject
Project("{FAE04EC0-301F-11D3-BF4B-00C04F79EFBC}") = "Q05 Card Hands", "Q05 Card Hands\Q05 Card Hands.csproj", "{833A647F-2868-494D-98F2-EE63A864DEB2}"
EndProject
Project("{FAE04EC0-301F-11D3-BF4B-00C04F79EFBC}") = "Q06 User Logs", "Q06 User Logs\Q06 User Logs.csproj", "{325723E0-519D-4BCD-9E06-F46F5BE88611}"
EndProject
Project("{FAE04EC0-301F-11D3-BF4B-00C04F79EFBC}") = "Q06 V2", "Q06 V2\Q06 V2.csproj", "{B36CDFD3-F0D5-40DC-8756-362EA30F560F}"
EndProject
Project("{FAE04EC0-301F-11D3-BF4B-00C04F79EFBC}") = "Q07 Pop Cntrol", "Q07 Pop Cntrol\Q07 Pop Cntrol.csproj", "{297BEFB6-A312-46A2-B6F6-3B6FB6EABB80}"
EndProject
Project("{FAE04EC0-301F-11D3-BF4B-00C04F79EFBC}") = "Q08 Logs Aggre", "Q08 Logs Aggre\Q08 Logs Aggre.csproj", "{7341AF3C-08BF-43A4-A53F-AF9DD99D6926}"
EndProject
Project("{FAE04EC0-301F-11D3-BF4B-00C04F79EFBC}") = "Q09 Leg Farm", "Q09 Leg Farm\Q09 Leg Farm.csproj", "{920D7FF8-9798-43A8-96E3-AB7EA16C886E}"
EndProject
Project("{FAE04EC0-301F-11D3-BF4B-00C04F79EFBC}") = "Q10 Serbia Unl", "Q10 Serbia Unl\Q10 Serbia Unl.csproj", "{A60E70C1-AEAC-4BC5-9688-F07ECFD423E5}"
EndProject
Global
	GlobalSection(SolutionConfigurationPlatforms) = preSolution
		Debug|Any CPU = Debug|Any CPU
		Release|Any CPU = Release|Any CPU
	EndGlobalSection
	GlobalSection(ProjectConfigurationPlatforms) = postSolution
		{79F1CA51-B771-44F7-9FB0-5D32CC99BF14}.Debug|Any CPU.ActiveCfg = Debug|Any CPU
		{79F1CA51-B771-44F7-9FB0-5D32CC99BF14}.Debug|Any CPU.Build.0 = Debug|Any CPU
		{79F1CA51-B771-44F7-9FB0-5D32CC99BF14}.Release|Any CPU.ActiveCfg = Release|Any CPU
		{79F1CA51-B771-44F7-9FB0-5D32CC99BF14}.Release|Any CPU.Build.0 = Release|Any CPU
		{135F31BB-A224-4F79-8461-91BF09DA62BA}.Debug|Any CPU.ActiveCfg = Debug|Any CPU
		{135F31BB-A224-4F79-8461-91BF09DA62BA}.Debug|Any CPU.Build.0 = Debug|Any CPU
		{135F31BB-A224-4F79-8461-91BF09DA62BA}.Release|Any CPU.ActiveCfg = Release|Any CPU
		{135F31BB-A224-4F79-8461-91BF09DA62BA}.Release|Any CPU.Build.0 = Release|Any CPU
		{B98587B0-4CCD-42A4-8C81-898530D1D272}.Debug|Any CPU.ActiveCfg = Debug|Any CPU
		{B98587B0-4CCD-42A4-8C81-898530D1D272}.Debug|Any CPU.Build.0 = Debug|Any CPU
		{B98587B0-4CCD-42A4-8C81-898530D1D272}.Release|Any CPU.ActiveCfg = Release|Any CPU
		{B98587B0-4CCD-42A4-8C81-898530D1D272}.Release|Any CPU.Build.0 = Release|Any CPU
		{44E87365-B093-49CF-9A6C-DE9116B848C5}.Debug|Any CPU.ActiveCfg = Debug|Any CPU
		{44E87365-B093-49CF-9A6C-DE9116B848C5}.Debug|Any CPU.Build.0 = Debug|Any CPU
		{44E87365-B093-49CF-9A6C-DE9116B848C5}.Release|Any CPU.ActiveCfg = Release|Any CPU
		{44E87365-B093-49CF-9A6C-DE9116B848C5}.Release|Any CPU.Build.0 = Release|Any CPU
		{833A647F-2868-494D-98F2-EE63A864DEB2}.Debug|Any CPU.ActiveCfg = Debug|Any CPU
		{833A647F-2868-494D-98F2-EE63A864DEB2}.Debug|Any CPU.Build.0 = Debug|Any CPU
		{833A647F-2868-494D-98F2-EE63A864DEB2}.Release|Any CPU.ActiveCfg = Release|Any CPU
		{833A647F-2868-494D-98F2-EE63A864DEB2}.Release|Any CPU.Build.0 = Release|Any CPU
		{325723E0-519D-4BCD-9E06-F46F5BE88611}.Debug|Any CPU.ActiveCfg = Debug|Any CPU
		{325723E0-519D-4BCD-9E06-F46F5BE88611}.Debug|Any CPU.Build.0 = Debug|Any CPU
		{325723E0-519D-4BCD-9E06-F46F5BE88611}.Release|Any CPU.ActiveCfg = Release|Any CPU
		{325723E0-519D-4BCD-9E06-F46F5BE88611}.Release|Any CPU.Build.0 = Release|Any CPU
		{B36CDFD3-F0D5-40DC-8756-362EA30F560F}.Debug|Any CPU.ActiveCfg = Debug|Any CPU
		{B36CDFD3-F0D5-40DC-8756-362EA30F560F}.Debug|Any CPU.Build.0 = Debug|Any CPU
		{B36CDFD3-F0D5-40DC-8756-362EA30F560F}.Release|Any CPU.ActiveCfg = Release|Any CPU
		{B36CDFD3-F0D5-40DC-8756-362EA30F560F}.Release|Any CPU.Build.0 = Release|Any CPU
		{297BEFB6-A312-46A2-B6F6-3B6FB6EABB80}.Debug|Any CPU.ActiveCfg = Debug|Any CPU
		{297BEFB6-A312-46A2-B6F6-3B6FB6EABB80}.Debug|Any CPU.Build.0 = Debug|Any CPU
		{297BEFB6-A312-46A2-B6F6-3B6FB6EABB80}.Release|Any CPU.ActiveCfg = Release|Any CPU
		{297BEFB6-A312-46A2-B6F6-3B6FB6EABB80}.Release|Any CPU.Build.0 = Release|Any CPU
		{7341AF3C-08BF-43A4-A53F-AF9DD99D6926}.Debug|Any CPU.ActiveCfg = Debug|Any CPU
		{7341AF3C-08BF-43A4-A53F-AF9DD99D6926}.Debug|Any CPU.Build.0 = Debug|Any CPU
		{7341AF3C-08BF-43A4-A53F-AF9DD99D6926}.Release|Any CPU.ActiveCfg = Release|Any CPU
		{7341AF3C-08BF-43A4-A53F-AF9DD99D6926}.Release|Any CPU.Build.0 = Release|Any CPU
		{920D7FF8-9798-43A8-96E3-AB7EA16C886E}.Debug|Any CPU.ActiveCfg = Debug|Any CPU
		{920D7FF8-9798-43A8-96E3-AB7EA16C886E}.Debug|Any CPU.Build.0 = Debug|Any CPU
		{920D7FF8-9798-43A8-96E3-AB7EA16C886E}.Release|Any CPU.ActiveCfg = Release|Any CPU
		{920D7FF8-9798-43A8-96E3-AB7EA16C886E}.Release|Any CPU.Build.0 = Release|Any CPU
		{A60E70C1-AEAC-4BC5-9688-F07ECFD423E5}.Debug|Any CPU.ActiveCfg = Debug|Any CPU
		{A60E70C1-AEAC-4BC5-9688-F07ECFD423E5}.Debug|Any CPU.Build.0 = Debug|Any CPU
		{A60E70C1-AEAC-4BC5-9688-F07ECFD423E5}.Release|Any CPU.ActiveCfg = Release|Any CPU
		{A60E70C1-AEAC-4BC5-9688-F07ECFD423E5}.Release|Any CPU.Build.0 = Release|Any CPU
	EndGlobalSection
	GlobalSection(SolutionProperties) = preSolution
		HideSolutionNode = FALSE
	EndGlobalSection
	GlobalSection(ExtensibilityGlobals) = postSolution
		SolutionGuid = {2CE8CA25-3148-47A2-A585-34A33257EBBC}
	EndGlobalSection
EndGlobal
