
Microsoft Visual Studio Solution File, Format Version 12.00
# Visual Studio Version 16
VisualStudioVersion = 16.0.29009.5
MinimumVisualStudioVersion = 10.0.40219.1
Project("{FAE04EC0-301F-11D3-BF4B-00C04F79EFBC}") = "Q01 Binary Digits Count", "Q01 Binary Digits Count\Q01 Binary Digits Count.csproj", "{BE7C889A-FA3F-4947-A2A6-91C0A3A01B90}"
EndProject
Project("{FAE04EC0-301F-11D3-BF4B-00C04F79EFBC}") = "Q01 V2", "Q01 V2\Q01 V2.csproj", "{330282E9-644C-41E7-9C6A-41AB8608FE32}"
EndProject
Project("{FAE04EC0-301F-11D3-BF4B-00C04F79EFBC}") = "Q02 First Bit", "Q02 First Bit\Q02 First Bit.csproj", "{D73A0B94-25E3-4921-A546-E4621F23BC6B}"
EndProject
Project("{FAE04EC0-301F-11D3-BF4B-00C04F79EFBC}") = "Q02 V2", "Q02 V2\Q02 V2.csproj", "{084484D6-5D12-48A4-AA8C-620E1442491E}"
EndProject
Project("{FAE04EC0-301F-11D3-BF4B-00C04F79EFBC}") = "Q03 P-th Bit", "Q03 P-th Bit\Q03 P-th Bit.csproj", "{FC721318-CEA7-43E2-B0BD-E46BEFECF1A9}"
EndProject
Global
	GlobalSection(SolutionConfigurationPlatforms) = preSolution
		Debug|Any CPU = Debug|Any CPU
		Release|Any CPU = Release|Any CPU
	EndGlobalSection
	GlobalSection(ProjectConfigurationPlatforms) = postSolution
		{BE7C889A-FA3F-4947-A2A6-91C0A3A01B90}.Debug|Any CPU.ActiveCfg = Debug|Any CPU
		{BE7C889A-FA3F-4947-A2A6-91C0A3A01B90}.Debug|Any CPU.Build.0 = Debug|Any CPU
		{BE7C889A-FA3F-4947-A2A6-91C0A3A01B90}.Release|Any CPU.ActiveCfg = Release|Any CPU
		{BE7C889A-FA3F-4947-A2A6-91C0A3A01B90}.Release|Any CPU.Build.0 = Release|Any CPU
		{330282E9-644C-41E7-9C6A-41AB8608FE32}.Debug|Any CPU.ActiveCfg = Debug|Any CPU
		{330282E9-644C-41E7-9C6A-41AB8608FE32}.Debug|Any CPU.Build.0 = Debug|Any CPU
		{330282E9-644C-41E7-9C6A-41AB8608FE32}.Release|Any CPU.ActiveCfg = Release|Any CPU
		{330282E9-644C-41E7-9C6A-41AB8608FE32}.Release|Any CPU.Build.0 = Release|Any CPU
		{D73A0B94-25E3-4921-A546-E4621F23BC6B}.Debug|Any CPU.ActiveCfg = Debug|Any CPU
		{D73A0B94-25E3-4921-A546-E4621F23BC6B}.Debug|Any CPU.Build.0 = Debug|Any CPU
		{D73A0B94-25E3-4921-A546-E4621F23BC6B}.Release|Any CPU.ActiveCfg = Release|Any CPU
		{D73A0B94-25E3-4921-A546-E4621F23BC6B}.Release|Any CPU.Build.0 = Release|Any CPU
		{084484D6-5D12-48A4-AA8C-620E1442491E}.Debug|Any CPU.ActiveCfg = Debug|Any CPU
		{084484D6-5D12-48A4-AA8C-620E1442491E}.Debug|Any CPU.Build.0 = Debug|Any CPU
		{084484D6-5D12-48A4-AA8C-620E1442491E}.Release|Any CPU.ActiveCfg = Release|Any CPU
		{084484D6-5D12-48A4-AA8C-620E1442491E}.Release|Any CPU.Build.0 = Release|Any CPU
		{FC721318-CEA7-43E2-B0BD-E46BEFECF1A9}.Debug|Any CPU.ActiveCfg = Debug|Any CPU
		{FC721318-CEA7-43E2-B0BD-E46BEFECF1A9}.Debug|Any CPU.Build.0 = Debug|Any CPU
		{FC721318-CEA7-43E2-B0BD-E46BEFECF1A9}.Release|Any CPU.ActiveCfg = Release|Any CPU
		{FC721318-CEA7-43E2-B0BD-E46BEFECF1A9}.Release|Any CPU.Build.0 = Release|Any CPU
	EndGlobalSection
	GlobalSection(SolutionProperties) = preSolution
		HideSolutionNode = FALSE
	EndGlobalSection
	GlobalSection(ExtensibilityGlobals) = postSolution
		SolutionGuid = {D94B82CA-434D-4771-9754-33B092FBDD41}
	EndGlobalSection
EndGlobal
