
Microsoft Visual Studio Solution File, Format Version 12.00
# Visual Studio Version 16
VisualStudioVersion = 16.0.29009.5
MinimumVisualStudioVersion = 10.0.40219.1
Project("{FAE04EC0-301F-11D3-BF4B-00C04F79EFBC}") = "Q01 Phonebook", "Q01 Phonebook\Q01 Phonebook.csproj", "{30556067-4CA8-430D-AA5B-4BCAFC014208}"
EndProject
Project("{FAE04EC0-301F-11D3-BF4B-00C04F79EFBC}") = "Q02 Phonebook Upgrade", "Q02 Phonebook Upgrade\Q02 Phonebook Upgrade.csproj", "{9A156E0C-C06B-43F1-B271-F6799534053F}"
EndProject
Project("{FAE04EC0-301F-11D3-BF4B-00C04F79EFBC}") = "Q03 A Miner Task", "Q03 A Miner Task\Q03 A Miner Task.csproj", "{2C92018D-4EB2-49A6-82E1-AAE1664E01BA}"
EndProject
Project("{FAE04EC0-301F-11D3-BF4B-00C04F79EFBC}") = "Q04 Fix Emails", "Q04 Fix Emails\Q04 Fix Emails.csproj", "{B1E5910B-BA56-414A-B938-BEBC95CE8A8B}"
EndProject
Project("{FAE04EC0-301F-11D3-BF4B-00C04F79EFBC}") = "Q05 Hands of Cards", "Q05 Hands of Cards\Q05 Hands of Cards.csproj", "{90A96978-7E7F-4E3F-88F7-063B28F9F89E}"
EndProject
Project("{FAE04EC0-301F-11D3-BF4B-00C04F79EFBC}") = "Q06 User Logs", "Q06 User Logs\Q06 User Logs.csproj", "{D38A61A1-EABB-464A-ADEB-CDF5DF4D7B92}"
EndProject
Project("{FAE04EC0-301F-11D3-BF4B-00C04F79EFBC}") = "Q07 Population Counter", "Q07 Population Counter\Q07 Population Counter.csproj", "{14C15509-9168-444A-BFE2-96A8539E49F4}"
EndProject
Global
	GlobalSection(SolutionConfigurationPlatforms) = preSolution
		Debug|Any CPU = Debug|Any CPU
		Release|Any CPU = Release|Any CPU
	EndGlobalSection
	GlobalSection(ProjectConfigurationPlatforms) = postSolution
		{30556067-4CA8-430D-AA5B-4BCAFC014208}.Debug|Any CPU.ActiveCfg = Debug|Any CPU
		{30556067-4CA8-430D-AA5B-4BCAFC014208}.Debug|Any CPU.Build.0 = Debug|Any CPU
		{30556067-4CA8-430D-AA5B-4BCAFC014208}.Release|Any CPU.ActiveCfg = Release|Any CPU
		{30556067-4CA8-430D-AA5B-4BCAFC014208}.Release|Any CPU.Build.0 = Release|Any CPU
		{9A156E0C-C06B-43F1-B271-F6799534053F}.Debug|Any CPU.ActiveCfg = Debug|Any CPU
		{9A156E0C-C06B-43F1-B271-F6799534053F}.Debug|Any CPU.Build.0 = Debug|Any CPU
		{9A156E0C-C06B-43F1-B271-F6799534053F}.Release|Any CPU.ActiveCfg = Release|Any CPU
		{9A156E0C-C06B-43F1-B271-F6799534053F}.Release|Any CPU.Build.0 = Release|Any CPU
		{2C92018D-4EB2-49A6-82E1-AAE1664E01BA}.Debug|Any CPU.ActiveCfg = Debug|Any CPU
		{2C92018D-4EB2-49A6-82E1-AAE1664E01BA}.Debug|Any CPU.Build.0 = Debug|Any CPU
		{2C92018D-4EB2-49A6-82E1-AAE1664E01BA}.Release|Any CPU.ActiveCfg = Release|Any CPU
		{2C92018D-4EB2-49A6-82E1-AAE1664E01BA}.Release|Any CPU.Build.0 = Release|Any CPU
		{B1E5910B-BA56-414A-B938-BEBC95CE8A8B}.Debug|Any CPU.ActiveCfg = Debug|Any CPU
		{B1E5910B-BA56-414A-B938-BEBC95CE8A8B}.Debug|Any CPU.Build.0 = Debug|Any CPU
		{B1E5910B-BA56-414A-B938-BEBC95CE8A8B}.Release|Any CPU.ActiveCfg = Release|Any CPU
		{B1E5910B-BA56-414A-B938-BEBC95CE8A8B}.Release|Any CPU.Build.0 = Release|Any CPU
		{90A96978-7E7F-4E3F-88F7-063B28F9F89E}.Debug|Any CPU.ActiveCfg = Debug|Any CPU
		{90A96978-7E7F-4E3F-88F7-063B28F9F89E}.Debug|Any CPU.Build.0 = Debug|Any CPU
		{90A96978-7E7F-4E3F-88F7-063B28F9F89E}.Release|Any CPU.ActiveCfg = Release|Any CPU
		{90A96978-7E7F-4E3F-88F7-063B28F9F89E}.Release|Any CPU.Build.0 = Release|Any CPU
		{D38A61A1-EABB-464A-ADEB-CDF5DF4D7B92}.Debug|Any CPU.ActiveCfg = Debug|Any CPU
		{D38A61A1-EABB-464A-ADEB-CDF5DF4D7B92}.Debug|Any CPU.Build.0 = Debug|Any CPU
		{D38A61A1-EABB-464A-ADEB-CDF5DF4D7B92}.Release|Any CPU.ActiveCfg = Release|Any CPU
		{D38A61A1-EABB-464A-ADEB-CDF5DF4D7B92}.Release|Any CPU.Build.0 = Release|Any CPU
		{14C15509-9168-444A-BFE2-96A8539E49F4}.Debug|Any CPU.ActiveCfg = Debug|Any CPU
		{14C15509-9168-444A-BFE2-96A8539E49F4}.Debug|Any CPU.Build.0 = Debug|Any CPU
		{14C15509-9168-444A-BFE2-96A8539E49F4}.Release|Any CPU.ActiveCfg = Release|Any CPU
		{14C15509-9168-444A-BFE2-96A8539E49F4}.Release|Any CPU.Build.0 = Release|Any CPU
	EndGlobalSection
	GlobalSection(SolutionProperties) = preSolution
		HideSolutionNode = FALSE
	EndGlobalSection
	GlobalSection(ExtensibilityGlobals) = postSolution
		SolutionGuid = {29CDADB8-D4B0-4E18-A5E4-34F025B7E6A5}
	EndGlobalSection
EndGlobal
