
Microsoft Visual Studio Solution File, Format Version 12.00
# Visual Studio Version 16
VisualStudioVersion = 16.0.29009.5
MinimumVisualStudioVersion = 10.0.40219.1
Project("{FAE04EC0-301F-11D3-BF4B-00C04F79EFBC}") = "Q01 Largest Common End", "Q01 Largest Common End\Q01 Largest Common End.csproj", "{B558C219-BE87-4674-B885-29CC1E1BA339}"
EndProject
Project("{FAE04EC0-301F-11D3-BF4B-00C04F79EFBC}") = "Q02 Rotate and Sum", "Q02 Rotate and Sum\Q02 Rotate and Sum.csproj", "{87C712C1-5067-4F98-AB36-9EF9DE3C0231}"
EndProject
Project("{FAE04EC0-301F-11D3-BF4B-00C04F79EFBC}") = "Q03 Fold and Sum", "Q03 Fold and Sum\Q03 Fold and Sum.csproj", "{0CF70332-A7A9-427E-A019-8906780D6ADE}"
EndProject
Project("{FAE04EC0-301F-11D3-BF4B-00C04F79EFBC}") = "Q04 Sieve of Erathoston", "Q04 Sieve of Erathoston\Q04 Sieve of Erathoston.csproj", "{5EDE8C0B-701A-4C6B-9A79-0A40F4B580F7}"
EndProject
Project("{FAE04EC0-301F-11D3-BF4B-00C04F79EFBC}") = "Q05 Compare Char Arrays", "Q05 Compare Char Arrays\Q05 Compare Char Arrays.csproj", "{90DF1271-AC54-4A1A-A687-D32000ED2BC2}"
EndProject
Global
	GlobalSection(SolutionConfigurationPlatforms) = preSolution
		Debug|Any CPU = Debug|Any CPU
		Release|Any CPU = Release|Any CPU
	EndGlobalSection
	GlobalSection(ProjectConfigurationPlatforms) = postSolution
		{B558C219-BE87-4674-B885-29CC1E1BA339}.Debug|Any CPU.ActiveCfg = Debug|Any CPU
		{B558C219-BE87-4674-B885-29CC1E1BA339}.Debug|Any CPU.Build.0 = Debug|Any CPU
		{B558C219-BE87-4674-B885-29CC1E1BA339}.Release|Any CPU.ActiveCfg = Release|Any CPU
		{B558C219-BE87-4674-B885-29CC1E1BA339}.Release|Any CPU.Build.0 = Release|Any CPU
		{87C712C1-5067-4F98-AB36-9EF9DE3C0231}.Debug|Any CPU.ActiveCfg = Debug|Any CPU
		{87C712C1-5067-4F98-AB36-9EF9DE3C0231}.Debug|Any CPU.Build.0 = Debug|Any CPU
		{87C712C1-5067-4F98-AB36-9EF9DE3C0231}.Release|Any CPU.ActiveCfg = Release|Any CPU
		{87C712C1-5067-4F98-AB36-9EF9DE3C0231}.Release|Any CPU.Build.0 = Release|Any CPU
		{0CF70332-A7A9-427E-A019-8906780D6ADE}.Debug|Any CPU.ActiveCfg = Debug|Any CPU
		{0CF70332-A7A9-427E-A019-8906780D6ADE}.Debug|Any CPU.Build.0 = Debug|Any CPU
		{0CF70332-A7A9-427E-A019-8906780D6ADE}.Release|Any CPU.ActiveCfg = Release|Any CPU
		{0CF70332-A7A9-427E-A019-8906780D6ADE}.Release|Any CPU.Build.0 = Release|Any CPU
		{5EDE8C0B-701A-4C6B-9A79-0A40F4B580F7}.Debug|Any CPU.ActiveCfg = Debug|Any CPU
		{5EDE8C0B-701A-4C6B-9A79-0A40F4B580F7}.Debug|Any CPU.Build.0 = Debug|Any CPU
		{5EDE8C0B-701A-4C6B-9A79-0A40F4B580F7}.Release|Any CPU.ActiveCfg = Release|Any CPU
		{5EDE8C0B-701A-4C6B-9A79-0A40F4B580F7}.Release|Any CPU.Build.0 = Release|Any CPU
		{90DF1271-AC54-4A1A-A687-D32000ED2BC2}.Debug|Any CPU.ActiveCfg = Debug|Any CPU
		{90DF1271-AC54-4A1A-A687-D32000ED2BC2}.Debug|Any CPU.Build.0 = Debug|Any CPU
		{90DF1271-AC54-4A1A-A687-D32000ED2BC2}.Release|Any CPU.ActiveCfg = Release|Any CPU
		{90DF1271-AC54-4A1A-A687-D32000ED2BC2}.Release|Any CPU.Build.0 = Release|Any CPU
	EndGlobalSection
	GlobalSection(SolutionProperties) = preSolution
		HideSolutionNode = FALSE
	EndGlobalSection
	GlobalSection(ExtensibilityGlobals) = postSolution
		SolutionGuid = {CAA9371B-A5BE-438E-8F88-116121360510}
	EndGlobalSection
EndGlobal
