
Microsoft Visual Studio Solution File, Format Version 12.00
# Visual Studio Version 16
VisualStudioVersion = 16.0.29009.5
MinimumVisualStudioVersion = 10.0.40219.1
Project("{FAE04EC0-301F-11D3-BF4B-00C04F79EFBC}") = "Q01 Largest Common End", "Q01 Largest Common End\Q01 Largest Common End.csproj", "{B558C219-BE87-4674-B885-29CC1E1BA339}"
EndProject
Project("{FAE04EC0-301F-11D3-BF4B-00C04F79EFBC}") = "Q02 Rotate and Sum", "Q02 Rotate and Sum\Q02 Rotate and Sum.csproj", "{87C712C1-5067-4F98-AB36-9EF9DE3C0231}"
EndProject
Project("{FAE04EC0-301F-11D3-BF4B-00C04F79EFBC}") = "Q03 Fold and Sum", "Q03 Fold and Sum\Q03 Fold and Sum.csproj", "{0CF70332-A7A9-427E-A019-8906780D6ADE}"
EndProject
Project("{FAE04EC0-301F-11D3-BF4B-00C04F79EFBC}") = "Q04 Sieve of Erathoston", "Q04 Sieve of Erathoston\Q04 Sieve of Erathoston.csproj", "{5EDE8C0B-701A-4C6B-9A79-0A40F4B580F7}"
EndProject
Project("{FAE04EC0-301F-11D3-BF4B-00C04F79EFBC}") = "Q05 Compare Char Arrays", "Q05 Compare Char Arrays\Q05 Compare Char Arrays.csproj", "{90DF1271-AC54-4A1A-A687-D32000ED2BC2}"
EndProject
Project("{FAE04EC0-301F-11D3-BF4B-00C04F79EFBC}") = "Q06 Max Seq of Equal", "Q06 Max Seq of Equal\Q06 Max Seq of Equal.csproj", "{51914EFB-D127-454B-89B6-AA6126472ACC}"
EndProject
Project("{FAE04EC0-301F-11D3-BF4B-00C04F79EFBC}") = "Q07 Max Seq Increasing", "Q07 Max Seq Increasing\Q07 Max Seq Increasing.csproj", "{2861BC45-7F40-4A40-B9A6-0160B6B4538B}"
EndProject
Project("{FAE04EC0-301F-11D3-BF4B-00C04F79EFBC}") = "Q08 Most Frequent Num", "Q08 Most Frequent Num\Q08 Most Frequent Num.csproj", "{820B7992-FF84-4C76-99E9-03AE1C33AE72}"
EndProject
Project("{FAE04EC0-301F-11D3-BF4B-00C04F79EFBC}") = "Q09 Index of Letters", "Q09 Index of Letters\Q09 Index of Letters.csproj", "{2164CA5C-33B8-4707-82EB-4C36F3411CDB}"
EndProject
Project("{FAE04EC0-301F-11D3-BF4B-00C04F79EFBC}") = "Q10 Pairs by Difference", "Q10 Pairs by Difference\Q10 Pairs by Difference.csproj", "{19B9A281-630B-49CF-B309-FFCB3ED01F15}"
EndProject
Project("{FAE04EC0-301F-11D3-BF4B-00C04F79EFBC}") = "Q11 Equal Sums", "Q11 Equal Sums\Q11 Equal Sums.csproj", "{9CF5D463-33EE-4167-A739-8C3B550C4FE3}"
EndProject
Global
	GlobalSection(SolutionConfigurationPlatforms) = preSolution
		Debug|Any CPU = Debug|Any CPU
		Release|Any CPU = Release|Any CPU
	EndGlobalSection
	GlobalSection(ProjectConfigurationPlatforms) = postSolution
		{B558C219-BE87-4674-B885-29CC1E1BA339}.Debug|Any CPU.ActiveCfg = Debug|Any CPU
		{B558C219-BE87-4674-B885-29CC1E1BA339}.Debug|Any CPU.Build.0 = Debug|Any CPU
		{B558C219-BE87-4674-B885-29CC1E1BA339}.Release|Any CPU.ActiveCfg = Release|Any CPU
		{B558C219-BE87-4674-B885-29CC1E1BA339}.Release|Any CPU.Build.0 = Release|Any CPU
		{87C712C1-5067-4F98-AB36-9EF9DE3C0231}.Debug|Any CPU.ActiveCfg = Debug|Any CPU
		{87C712C1-5067-4F98-AB36-9EF9DE3C0231}.Debug|Any CPU.Build.0 = Debug|Any CPU
		{87C712C1-5067-4F98-AB36-9EF9DE3C0231}.Release|Any CPU.ActiveCfg = Release|Any CPU
		{87C712C1-5067-4F98-AB36-9EF9DE3C0231}.Release|Any CPU.Build.0 = Release|Any CPU
		{0CF70332-A7A9-427E-A019-8906780D6ADE}.Debug|Any CPU.ActiveCfg = Debug|Any CPU
		{0CF70332-A7A9-427E-A019-8906780D6ADE}.Debug|Any CPU.Build.0 = Debug|Any CPU
		{0CF70332-A7A9-427E-A019-8906780D6ADE}.Release|Any CPU.ActiveCfg = Release|Any CPU
		{0CF70332-A7A9-427E-A019-8906780D6ADE}.Release|Any CPU.Build.0 = Release|Any CPU
		{5EDE8C0B-701A-4C6B-9A79-0A40F4B580F7}.Debug|Any CPU.ActiveCfg = Debug|Any CPU
		{5EDE8C0B-701A-4C6B-9A79-0A40F4B580F7}.Debug|Any CPU.Build.0 = Debug|Any CPU
		{5EDE8C0B-701A-4C6B-9A79-0A40F4B580F7}.Release|Any CPU.ActiveCfg = Release|Any CPU
		{5EDE8C0B-701A-4C6B-9A79-0A40F4B580F7}.Release|Any CPU.Build.0 = Release|Any CPU
		{90DF1271-AC54-4A1A-A687-D32000ED2BC2}.Debug|Any CPU.ActiveCfg = Debug|Any CPU
		{90DF1271-AC54-4A1A-A687-D32000ED2BC2}.Debug|Any CPU.Build.0 = Debug|Any CPU
		{90DF1271-AC54-4A1A-A687-D32000ED2BC2}.Release|Any CPU.ActiveCfg = Release|Any CPU
		{90DF1271-AC54-4A1A-A687-D32000ED2BC2}.Release|Any CPU.Build.0 = Release|Any CPU
		{51914EFB-D127-454B-89B6-AA6126472ACC}.Debug|Any CPU.ActiveCfg = Debug|Any CPU
		{51914EFB-D127-454B-89B6-AA6126472ACC}.Debug|Any CPU.Build.0 = Debug|Any CPU
		{51914EFB-D127-454B-89B6-AA6126472ACC}.Release|Any CPU.ActiveCfg = Release|Any CPU
		{51914EFB-D127-454B-89B6-AA6126472ACC}.Release|Any CPU.Build.0 = Release|Any CPU
		{2861BC45-7F40-4A40-B9A6-0160B6B4538B}.Debug|Any CPU.ActiveCfg = Debug|Any CPU
		{2861BC45-7F40-4A40-B9A6-0160B6B4538B}.Debug|Any CPU.Build.0 = Debug|Any CPU
		{2861BC45-7F40-4A40-B9A6-0160B6B4538B}.Release|Any CPU.ActiveCfg = Release|Any CPU
		{2861BC45-7F40-4A40-B9A6-0160B6B4538B}.Release|Any CPU.Build.0 = Release|Any CPU
		{820B7992-FF84-4C76-99E9-03AE1C33AE72}.Debug|Any CPU.ActiveCfg = Debug|Any CPU
		{820B7992-FF84-4C76-99E9-03AE1C33AE72}.Debug|Any CPU.Build.0 = Debug|Any CPU
		{820B7992-FF84-4C76-99E9-03AE1C33AE72}.Release|Any CPU.ActiveCfg = Release|Any CPU
		{820B7992-FF84-4C76-99E9-03AE1C33AE72}.Release|Any CPU.Build.0 = Release|Any CPU
		{2164CA5C-33B8-4707-82EB-4C36F3411CDB}.Debug|Any CPU.ActiveCfg = Debug|Any CPU
		{2164CA5C-33B8-4707-82EB-4C36F3411CDB}.Debug|Any CPU.Build.0 = Debug|Any CPU
		{2164CA5C-33B8-4707-82EB-4C36F3411CDB}.Release|Any CPU.ActiveCfg = Release|Any CPU
		{2164CA5C-33B8-4707-82EB-4C36F3411CDB}.Release|Any CPU.Build.0 = Release|Any CPU
		{19B9A281-630B-49CF-B309-FFCB3ED01F15}.Debug|Any CPU.ActiveCfg = Debug|Any CPU
		{19B9A281-630B-49CF-B309-FFCB3ED01F15}.Debug|Any CPU.Build.0 = Debug|Any CPU
		{19B9A281-630B-49CF-B309-FFCB3ED01F15}.Release|Any CPU.ActiveCfg = Release|Any CPU
		{19B9A281-630B-49CF-B309-FFCB3ED01F15}.Release|Any CPU.Build.0 = Release|Any CPU
		{9CF5D463-33EE-4167-A739-8C3B550C4FE3}.Debug|Any CPU.ActiveCfg = Debug|Any CPU
		{9CF5D463-33EE-4167-A739-8C3B550C4FE3}.Debug|Any CPU.Build.0 = Debug|Any CPU
		{9CF5D463-33EE-4167-A739-8C3B550C4FE3}.Release|Any CPU.ActiveCfg = Release|Any CPU
		{9CF5D463-33EE-4167-A739-8C3B550C4FE3}.Release|Any CPU.Build.0 = Release|Any CPU
	EndGlobalSection
	GlobalSection(SolutionProperties) = preSolution
		HideSolutionNode = FALSE
	EndGlobalSection
	GlobalSection(ExtensibilityGlobals) = postSolution
		SolutionGuid = {CAA9371B-A5BE-438E-8F88-116121360510}
	EndGlobalSection
EndGlobal
