
Microsoft Visual Studio Solution File, Format Version 12.00
# Visual Studio 15
VisualStudioVersion = 15.0.28307.421
MinimumVisualStudioVersion = 10.0.40219.1
Project("{FAE04EC0-301F-11D3-BF4B-00C04F79EFBC}") = "Q01 Count Real Nums", "Q01 Count Real Nums\Q01 Count Real Nums.csproj", "{1597FCFA-DF29-4BED-8482-F4E75C92C05F}"
EndProject
Project("{FAE04EC0-301F-11D3-BF4B-00C04F79EFBC}") = "Q02 Odd Occurance", "Q02 Odd Occurance\Q02 Odd Occurance.csproj", "{F5C721EC-D02F-4EEE-88D0-28092F5CC05B}"
EndProject
Project("{FAE04EC0-301F-11D3-BF4B-00C04F79EFBC}") = "Q03 Sum Min Max Avrge", "Q03 Sum Min Max Avrge\Q03 Sum Min Max Avrge.csproj", "{B8CECDF8-3502-4309-A685-F318AB562934}"
EndProject
Global
	GlobalSection(SolutionConfigurationPlatforms) = preSolution
		Debug|Any CPU = Debug|Any CPU
		Release|Any CPU = Release|Any CPU
	EndGlobalSection
	GlobalSection(ProjectConfigurationPlatforms) = postSolution
		{1597FCFA-DF29-4BED-8482-F4E75C92C05F}.Debug|Any CPU.ActiveCfg = Debug|Any CPU
		{1597FCFA-DF29-4BED-8482-F4E75C92C05F}.Debug|Any CPU.Build.0 = Debug|Any CPU
		{1597FCFA-DF29-4BED-8482-F4E75C92C05F}.Release|Any CPU.ActiveCfg = Release|Any CPU
		{1597FCFA-DF29-4BED-8482-F4E75C92C05F}.Release|Any CPU.Build.0 = Release|Any CPU
		{F5C721EC-D02F-4EEE-88D0-28092F5CC05B}.Debug|Any CPU.ActiveCfg = Debug|Any CPU
		{F5C721EC-D02F-4EEE-88D0-28092F5CC05B}.Debug|Any CPU.Build.0 = Debug|Any CPU
		{F5C721EC-D02F-4EEE-88D0-28092F5CC05B}.Release|Any CPU.ActiveCfg = Release|Any CPU
		{F5C721EC-D02F-4EEE-88D0-28092F5CC05B}.Release|Any CPU.Build.0 = Release|Any CPU
		{B8CECDF8-3502-4309-A685-F318AB562934}.Debug|Any CPU.ActiveCfg = Debug|Any CPU
		{B8CECDF8-3502-4309-A685-F318AB562934}.Debug|Any CPU.Build.0 = Debug|Any CPU
		{B8CECDF8-3502-4309-A685-F318AB562934}.Release|Any CPU.ActiveCfg = Release|Any CPU
		{B8CECDF8-3502-4309-A685-F318AB562934}.Release|Any CPU.Build.0 = Release|Any CPU
	EndGlobalSection
	GlobalSection(SolutionProperties) = preSolution
		HideSolutionNode = FALSE
	EndGlobalSection
	GlobalSection(ExtensibilityGlobals) = postSolution
		SolutionGuid = {FA7FB908-B8B8-47C5-83EF-C505166392D0}
	EndGlobalSection
EndGlobal
