
Microsoft Visual Studio Solution File, Format Version 12.00
# Visual Studio 15
VisualStudioVersion = 15.0.28307.421
MinimumVisualStudioVersion = 10.0.40219.1
Project("{FAE04EC0-301F-11D3-BF4B-00C04F79EFBC}") = "Q05 Fibonacci", "Q05 Fibonacci\Q05 Fibonacci.csproj", "{A42C7FDE-4A55-415D-9FE0-1A604CA8948C}"
EndProject
Project("{FAE04EC0-301F-11D3-BF4B-00C04F79EFBC}") = "Q06 Prime Checker", "L06 Prime Checker\Q06 Prime Checker.csproj", "{8D1CF350-0402-49A3-A5BC-313F5E0D8D04}"
EndProject
Project("{FAE04EC0-301F-11D3-BF4B-00C04F79EFBC}") = "Q07 Primes in Range", "Q07 Primes in Range\Q07 Primes in Range.csproj", "{464ADEB1-85FC-4B84-AA44-83766FF84C0C}"
EndProject
Global
	GlobalSection(SolutionConfigurationPlatforms) = preSolution
		Debug|Any CPU = Debug|Any CPU
		Release|Any CPU = Release|Any CPU
	EndGlobalSection
	GlobalSection(ProjectConfigurationPlatforms) = postSolution
		{A42C7FDE-4A55-415D-9FE0-1A604CA8948C}.Debug|Any CPU.ActiveCfg = Debug|Any CPU
		{A42C7FDE-4A55-415D-9FE0-1A604CA8948C}.Debug|Any CPU.Build.0 = Debug|Any CPU
		{A42C7FDE-4A55-415D-9FE0-1A604CA8948C}.Release|Any CPU.ActiveCfg = Release|Any CPU
		{A42C7FDE-4A55-415D-9FE0-1A604CA8948C}.Release|Any CPU.Build.0 = Release|Any CPU
		{8D1CF350-0402-49A3-A5BC-313F5E0D8D04}.Debug|Any CPU.ActiveCfg = Debug|Any CPU
		{8D1CF350-0402-49A3-A5BC-313F5E0D8D04}.Debug|Any CPU.Build.0 = Debug|Any CPU
		{8D1CF350-0402-49A3-A5BC-313F5E0D8D04}.Release|Any CPU.ActiveCfg = Release|Any CPU
		{8D1CF350-0402-49A3-A5BC-313F5E0D8D04}.Release|Any CPU.Build.0 = Release|Any CPU
		{464ADEB1-85FC-4B84-AA44-83766FF84C0C}.Debug|Any CPU.ActiveCfg = Debug|Any CPU
		{464ADEB1-85FC-4B84-AA44-83766FF84C0C}.Debug|Any CPU.Build.0 = Debug|Any CPU
		{464ADEB1-85FC-4B84-AA44-83766FF84C0C}.Release|Any CPU.ActiveCfg = Release|Any CPU
		{464ADEB1-85FC-4B84-AA44-83766FF84C0C}.Release|Any CPU.Build.0 = Release|Any CPU
	EndGlobalSection
	GlobalSection(SolutionProperties) = preSolution
		HideSolutionNode = FALSE
	EndGlobalSection
	GlobalSection(ExtensibilityGlobals) = postSolution
		SolutionGuid = {64A24DF1-F872-4927-B238-F04B3A068101}
	EndGlobalSection
EndGlobal
