
Microsoft Visual Studio Solution File, Format Version 12.00
# Visual Studio Version 16
VisualStudioVersion = 16.0.29009.5
MinimumVisualStudioVersion = 10.0.40219.1
Project("{FAE04EC0-301F-11D3-BF4B-00C04F79EFBC}") = "Q01 SoftUni Coffee", "SoftUni Coffee\Q01 SoftUni Coffee.csproj", "{F42A77ED-BD2A-493D-A86F-80818BF9DFF4}"
EndProject
Project("{FAE04EC0-301F-11D3-BF4B-00C04F79EFBC}") = "Q02 Command Interpreter", "Q02 Command Interpreter\Q02 Command Interpreter.csproj", "{6A7DC04B-A679-4951-81BE-0050D4C026F6}"
EndProject
Project("{FAE04EC0-301F-11D3-BF4B-00C04F79EFBC}") = "Q02 V2", "Q02 V2\Q02 V2.csproj", "{123DE0CB-C11D-47E7-B6F2-305F706D850E}"
EndProject
Project("{FAE04EC0-301F-11D3-BF4B-00C04F79EFBC}") = "Q02 V3", "Q02 V3\Q02 V3.csproj", "{079CEDE2-3BEB-4AAF-95AB-8D37A4888083}"
EndProject
Project("{FAE04EC0-301F-11D3-BF4B-00C04F79EFBC}") = "Q03 Rage Quit", "Q03 Rage Quit\Q03 Rage Quit.csproj", "{CF7E2C9D-4510-4006-ADF4-FC58D4D3D7FD}"
EndProject
Global
	GlobalSection(SolutionConfigurationPlatforms) = preSolution
		Debug|Any CPU = Debug|Any CPU
		Release|Any CPU = Release|Any CPU
	EndGlobalSection
	GlobalSection(ProjectConfigurationPlatforms) = postSolution
		{F42A77ED-BD2A-493D-A86F-80818BF9DFF4}.Debug|Any CPU.ActiveCfg = Debug|Any CPU
		{F42A77ED-BD2A-493D-A86F-80818BF9DFF4}.Debug|Any CPU.Build.0 = Debug|Any CPU
		{F42A77ED-BD2A-493D-A86F-80818BF9DFF4}.Release|Any CPU.ActiveCfg = Release|Any CPU
		{F42A77ED-BD2A-493D-A86F-80818BF9DFF4}.Release|Any CPU.Build.0 = Release|Any CPU
		{6A7DC04B-A679-4951-81BE-0050D4C026F6}.Debug|Any CPU.ActiveCfg = Debug|Any CPU
		{6A7DC04B-A679-4951-81BE-0050D4C026F6}.Debug|Any CPU.Build.0 = Debug|Any CPU
		{6A7DC04B-A679-4951-81BE-0050D4C026F6}.Release|Any CPU.ActiveCfg = Release|Any CPU
		{6A7DC04B-A679-4951-81BE-0050D4C026F6}.Release|Any CPU.Build.0 = Release|Any CPU
		{123DE0CB-C11D-47E7-B6F2-305F706D850E}.Debug|Any CPU.ActiveCfg = Debug|Any CPU
		{123DE0CB-C11D-47E7-B6F2-305F706D850E}.Debug|Any CPU.Build.0 = Debug|Any CPU
		{123DE0CB-C11D-47E7-B6F2-305F706D850E}.Release|Any CPU.ActiveCfg = Release|Any CPU
		{123DE0CB-C11D-47E7-B6F2-305F706D850E}.Release|Any CPU.Build.0 = Release|Any CPU
		{079CEDE2-3BEB-4AAF-95AB-8D37A4888083}.Debug|Any CPU.ActiveCfg = Debug|Any CPU
		{079CEDE2-3BEB-4AAF-95AB-8D37A4888083}.Debug|Any CPU.Build.0 = Debug|Any CPU
		{079CEDE2-3BEB-4AAF-95AB-8D37A4888083}.Release|Any CPU.ActiveCfg = Release|Any CPU
		{079CEDE2-3BEB-4AAF-95AB-8D37A4888083}.Release|Any CPU.Build.0 = Release|Any CPU
		{CF7E2C9D-4510-4006-ADF4-FC58D4D3D7FD}.Debug|Any CPU.ActiveCfg = Debug|Any CPU
		{CF7E2C9D-4510-4006-ADF4-FC58D4D3D7FD}.Debug|Any CPU.Build.0 = Debug|Any CPU
		{CF7E2C9D-4510-4006-ADF4-FC58D4D3D7FD}.Release|Any CPU.ActiveCfg = Release|Any CPU
		{CF7E2C9D-4510-4006-ADF4-FC58D4D3D7FD}.Release|Any CPU.Build.0 = Release|Any CPU
	EndGlobalSection
	GlobalSection(SolutionProperties) = preSolution
		HideSolutionNode = FALSE
	EndGlobalSection
	GlobalSection(ExtensibilityGlobals) = postSolution
		SolutionGuid = {E32C8DA6-0B04-461A-9FB3-1A0DE1495C10}
	EndGlobalSection
EndGlobal
