
Microsoft Visual Studio Solution File, Format Version 12.00
# Visual Studio 15
VisualStudioVersion = 15.0.28307.421
MinimumVisualStudioVersion = 10.0.40219.1
Project("{FAE04EC0-301F-11D3-BF4B-00C04F79EFBC}") = "Q01 Rmv Neg and Rev", "Q01 Rmv Neg and Rev\Q01 Rmv Neg and Rev.csproj", "{0C53ECD3-4AA7-45BA-880C-7ADBF81A1FDE}"
EndProject
Project("{FAE04EC0-301F-11D3-BF4B-00C04F79EFBC}") = "Q02 Append Index", "Q02 Append Index\Q02 Append Index.csproj", "{C2A24371-D69C-4FE4-83C1-26C7F7A3DE54}"
EndProject
Global
	GlobalSection(SolutionConfigurationPlatforms) = preSolution
		Debug|Any CPU = Debug|Any CPU
		Release|Any CPU = Release|Any CPU
	EndGlobalSection
	GlobalSection(ProjectConfigurationPlatforms) = postSolution
		{0C53ECD3-4AA7-45BA-880C-7ADBF81A1FDE}.Debug|Any CPU.ActiveCfg = Debug|Any CPU
		{0C53ECD3-4AA7-45BA-880C-7ADBF81A1FDE}.Debug|Any CPU.Build.0 = Debug|Any CPU
		{0C53ECD3-4AA7-45BA-880C-7ADBF81A1FDE}.Release|Any CPU.ActiveCfg = Release|Any CPU
		{0C53ECD3-4AA7-45BA-880C-7ADBF81A1FDE}.Release|Any CPU.Build.0 = Release|Any CPU
		{C2A24371-D69C-4FE4-83C1-26C7F7A3DE54}.Debug|Any CPU.ActiveCfg = Debug|Any CPU
		{C2A24371-D69C-4FE4-83C1-26C7F7A3DE54}.Debug|Any CPU.Build.0 = Debug|Any CPU
		{C2A24371-D69C-4FE4-83C1-26C7F7A3DE54}.Release|Any CPU.ActiveCfg = Release|Any CPU
		{C2A24371-D69C-4FE4-83C1-26C7F7A3DE54}.Release|Any CPU.Build.0 = Release|Any CPU
	EndGlobalSection
	GlobalSection(SolutionProperties) = preSolution
		HideSolutionNode = FALSE
	EndGlobalSection
	GlobalSection(ExtensibilityGlobals) = postSolution
		SolutionGuid = {94EE940A-95A1-4D1B-B8E7-3306BCAF6DCA}
	EndGlobalSection
EndGlobal
