
Microsoft Visual Studio Solution File, Format Version 12.00
# Visual Studio 15
VisualStudioVersion = 15.0.28307.421
MinimumVisualStudioVersion = 10.0.40219.1
Project("{FAE04EC0-301F-11D3-BF4B-00C04F79EFBC}") = "Q01 Smallest in 3", "Q01 Smallest in 3\Q01 Smallest in 3.csproj", "{09286397-212C-4BD6-8A0A-3C099185E3BA}"
EndProject
Project("{FAE04EC0-301F-11D3-BF4B-00C04F79EFBC}") = "Q02 Vowels Count", "Q02 Vowels Count\Q02 Vowels Count.csproj", "{E1BD9882-AD15-4C73-9509-EF56AA0A9867}"
EndProject
Project("{FAE04EC0-301F-11D3-BF4B-00C04F79EFBC}") = "Q03 Char in Range", "Q03 Char in Range\Q03 Char in Range.csproj", "{0A61A0C9-CBCB-4B33-9232-F8A80964103F}"
EndProject
Project("{FAE04EC0-301F-11D3-BF4B-00C04F79EFBC}") = "Q04 Valid Password", "Q04 Valid Password\Q04 Valid Password.csproj", "{6C44F361-C433-44CE-BEBF-4A63B6289E50}"
EndProject
Project("{FAE04EC0-301F-11D3-BF4B-00C04F79EFBC}") = "Q05 Add and Subtract", "Q05 Add and Subtract\Q05 Add and Subtract.csproj", "{0B7BAD56-0868-43FB-AEFE-3CA8CFDF0399}"
EndProject
Project("{FAE04EC0-301F-11D3-BF4B-00C04F79EFBC}") = "Q06 Middle Chars", "Q06 Middle Chars\Q06 Middle Chars.csproj", "{BBF59919-6BB1-41F9-94B0-850EF4344ED3}"
EndProject
Project("{FAE04EC0-301F-11D3-BF4B-00C04F79EFBC}") = "Q07 NxN Matrix", "Q07 NxN Matrix\Q07 NxN Matrix.csproj", "{F9304BD9-3E22-46F2-8CBE-A377ACFD3E59}"
EndProject
Project("{FAE04EC0-301F-11D3-BF4B-00C04F79EFBC}") = "Q08 Factorial Dev", "Q08 Factorial Dev\Q08 Factorial Dev.csproj", "{0FB5F914-AAFA-4CC5-8DE6-F838C9652CB6}"
EndProject
Project("{FAE04EC0-301F-11D3-BF4B-00C04F79EFBC}") = "Q09 Palendrome Int", "Q09 Palendrome Int\Q09 Palendrome Int.csproj", "{36E65BF6-1B50-44D4-A8BC-D2C46AA01843}"
EndProject
Global
	GlobalSection(SolutionConfigurationPlatforms) = preSolution
		Debug|Any CPU = Debug|Any CPU
		Release|Any CPU = Release|Any CPU
	EndGlobalSection
	GlobalSection(ProjectConfigurationPlatforms) = postSolution
		{09286397-212C-4BD6-8A0A-3C099185E3BA}.Debug|Any CPU.ActiveCfg = Debug|Any CPU
		{09286397-212C-4BD6-8A0A-3C099185E3BA}.Debug|Any CPU.Build.0 = Debug|Any CPU
		{09286397-212C-4BD6-8A0A-3C099185E3BA}.Release|Any CPU.ActiveCfg = Release|Any CPU
		{09286397-212C-4BD6-8A0A-3C099185E3BA}.Release|Any CPU.Build.0 = Release|Any CPU
		{E1BD9882-AD15-4C73-9509-EF56AA0A9867}.Debug|Any CPU.ActiveCfg = Debug|Any CPU
		{E1BD9882-AD15-4C73-9509-EF56AA0A9867}.Debug|Any CPU.Build.0 = Debug|Any CPU
		{E1BD9882-AD15-4C73-9509-EF56AA0A9867}.Release|Any CPU.ActiveCfg = Release|Any CPU
		{E1BD9882-AD15-4C73-9509-EF56AA0A9867}.Release|Any CPU.Build.0 = Release|Any CPU
		{0A61A0C9-CBCB-4B33-9232-F8A80964103F}.Debug|Any CPU.ActiveCfg = Debug|Any CPU
		{0A61A0C9-CBCB-4B33-9232-F8A80964103F}.Debug|Any CPU.Build.0 = Debug|Any CPU
		{0A61A0C9-CBCB-4B33-9232-F8A80964103F}.Release|Any CPU.ActiveCfg = Release|Any CPU
		{0A61A0C9-CBCB-4B33-9232-F8A80964103F}.Release|Any CPU.Build.0 = Release|Any CPU
		{6C44F361-C433-44CE-BEBF-4A63B6289E50}.Debug|Any CPU.ActiveCfg = Debug|Any CPU
		{6C44F361-C433-44CE-BEBF-4A63B6289E50}.Debug|Any CPU.Build.0 = Debug|Any CPU
		{6C44F361-C433-44CE-BEBF-4A63B6289E50}.Release|Any CPU.ActiveCfg = Release|Any CPU
		{6C44F361-C433-44CE-BEBF-4A63B6289E50}.Release|Any CPU.Build.0 = Release|Any CPU
		{0B7BAD56-0868-43FB-AEFE-3CA8CFDF0399}.Debug|Any CPU.ActiveCfg = Debug|Any CPU
		{0B7BAD56-0868-43FB-AEFE-3CA8CFDF0399}.Debug|Any CPU.Build.0 = Debug|Any CPU
		{0B7BAD56-0868-43FB-AEFE-3CA8CFDF0399}.Release|Any CPU.ActiveCfg = Release|Any CPU
		{0B7BAD56-0868-43FB-AEFE-3CA8CFDF0399}.Release|Any CPU.Build.0 = Release|Any CPU
		{BBF59919-6BB1-41F9-94B0-850EF4344ED3}.Debug|Any CPU.ActiveCfg = Debug|Any CPU
		{BBF59919-6BB1-41F9-94B0-850EF4344ED3}.Debug|Any CPU.Build.0 = Debug|Any CPU
		{BBF59919-6BB1-41F9-94B0-850EF4344ED3}.Release|Any CPU.ActiveCfg = Release|Any CPU
		{BBF59919-6BB1-41F9-94B0-850EF4344ED3}.Release|Any CPU.Build.0 = Release|Any CPU
		{F9304BD9-3E22-46F2-8CBE-A377ACFD3E59}.Debug|Any CPU.ActiveCfg = Debug|Any CPU
		{F9304BD9-3E22-46F2-8CBE-A377ACFD3E59}.Debug|Any CPU.Build.0 = Debug|Any CPU
		{F9304BD9-3E22-46F2-8CBE-A377ACFD3E59}.Release|Any CPU.ActiveCfg = Release|Any CPU
		{F9304BD9-3E22-46F2-8CBE-A377ACFD3E59}.Release|Any CPU.Build.0 = Release|Any CPU
		{0FB5F914-AAFA-4CC5-8DE6-F838C9652CB6}.Debug|Any CPU.ActiveCfg = Debug|Any CPU
		{0FB5F914-AAFA-4CC5-8DE6-F838C9652CB6}.Debug|Any CPU.Build.0 = Debug|Any CPU
		{0FB5F914-AAFA-4CC5-8DE6-F838C9652CB6}.Release|Any CPU.ActiveCfg = Release|Any CPU
		{0FB5F914-AAFA-4CC5-8DE6-F838C9652CB6}.Release|Any CPU.Build.0 = Release|Any CPU
		{36E65BF6-1B50-44D4-A8BC-D2C46AA01843}.Debug|Any CPU.ActiveCfg = Debug|Any CPU
		{36E65BF6-1B50-44D4-A8BC-D2C46AA01843}.Debug|Any CPU.Build.0 = Debug|Any CPU
		{36E65BF6-1B50-44D4-A8BC-D2C46AA01843}.Release|Any CPU.ActiveCfg = Release|Any CPU
		{36E65BF6-1B50-44D4-A8BC-D2C46AA01843}.Release|Any CPU.Build.0 = Release|Any CPU
	EndGlobalSection
	GlobalSection(SolutionProperties) = preSolution
		HideSolutionNode = FALSE
	EndGlobalSection
	GlobalSection(ExtensibilityGlobals) = postSolution
		SolutionGuid = {C4813251-8BD3-43FA-8476-584902638C7C}
	EndGlobalSection
EndGlobal
