
Microsoft Visual Studio Solution File, Format Version 12.00
# Visual Studio 15
VisualStudioVersion = 15.0.28307.421
MinimumVisualStudioVersion = 10.0.40219.1
Project("{FAE04EC0-301F-11D3-BF4B-00C04F79EFBC}") = "Q07 Water Overflow", "Q07 Water Overflow\Q07 Water Overflow.csproj", "{3FA4A044-59C9-4927-9410-24B57E2C51F5}"
EndProject
Project("{FAE04EC0-301F-11D3-BF4B-00C04F79EFBC}") = "Q08 Beer Kegs", "Q08 Beer Kegs\Q08 Beer Kegs.csproj", "{8C8D29E1-0D45-4A49-9F6E-0EB2D51606D7}"
EndProject
Global
	GlobalSection(SolutionConfigurationPlatforms) = preSolution
		Debug|Any CPU = Debug|Any CPU
		Release|Any CPU = Release|Any CPU
	EndGlobalSection
	GlobalSection(ProjectConfigurationPlatforms) = postSolution
		{3FA4A044-59C9-4927-9410-24B57E2C51F5}.Debug|Any CPU.ActiveCfg = Debug|Any CPU
		{3FA4A044-59C9-4927-9410-24B57E2C51F5}.Debug|Any CPU.Build.0 = Debug|Any CPU
		{3FA4A044-59C9-4927-9410-24B57E2C51F5}.Release|Any CPU.ActiveCfg = Release|Any CPU
		{3FA4A044-59C9-4927-9410-24B57E2C51F5}.Release|Any CPU.Build.0 = Release|Any CPU
		{8C8D29E1-0D45-4A49-9F6E-0EB2D51606D7}.Debug|Any CPU.ActiveCfg = Debug|Any CPU
		{8C8D29E1-0D45-4A49-9F6E-0EB2D51606D7}.Debug|Any CPU.Build.0 = Debug|Any CPU
		{8C8D29E1-0D45-4A49-9F6E-0EB2D51606D7}.Release|Any CPU.ActiveCfg = Release|Any CPU
		{8C8D29E1-0D45-4A49-9F6E-0EB2D51606D7}.Release|Any CPU.Build.0 = Release|Any CPU
	EndGlobalSection
	GlobalSection(SolutionProperties) = preSolution
		HideSolutionNode = FALSE
	EndGlobalSection
	GlobalSection(ExtensibilityGlobals) = postSolution
		SolutionGuid = {BDC37BA0-3EEE-41B5-8448-B16EDA23F9E7}
	EndGlobalSection
EndGlobal
