
Microsoft Visual Studio Solution File, Format Version 12.00
# Visual Studio Version 16
VisualStudioVersion = 16.0.29009.5
MinimumVisualStudioVersion = 10.0.40219.1
Project("{FAE04EC0-301F-11D3-BF4B-00C04F79EFBC}") = "Q01 Hello, Name!", "Q01 Hello, Name!\Q01 Hello, Name!.csproj", "{6A228FA6-7945-452D-996C-0AAF285B668E}"
EndProject
Project("{FAE04EC0-301F-11D3-BF4B-00C04F79EFBC}") = "Q02 Min Meth", "Q02 Min Meth\Q02 Min Meth.csproj", "{5C587997-2CB9-41EE-A269-C25462D31394}"
EndProject
Project("{FAE04EC0-301F-11D3-BF4B-00C04F79EFBC}") = "Q03 Digit", "Q03 Digit\Q03 Digit.csproj", "{1624942C-468B-44AF-8FE9-CD4AF53028DD}"
EndProject
Project("{FAE04EC0-301F-11D3-BF4B-00C04F79EFBC}") = "Q04 Rev Num", "Q04 Rev Num\Q04 Rev Num.csproj", "{F9D8F666-2673-4389-B5D8-F16230801C92}"
EndProject
Project("{FAE04EC0-301F-11D3-BF4B-00C04F79EFBC}") = "Q05 Fib", "Q05 Fib\Q05 Fib.csproj", "{4DEC326B-3871-45A4-8664-15F6ABE5F528}"
EndProject
Project("{FAE04EC0-301F-11D3-BF4B-00C04F79EFBC}") = "Q06 Prime", "Q06 Prime\Q06 Prime.csproj", "{74E00229-A7B0-4FBE-8B86-FE09E804D5A0}"
EndProject
Project("{FAE04EC0-301F-11D3-BF4B-00C04F79EFBC}") = "Q07 Prime 2", "Q07 Prime 2\Q07 Prime 2.csproj", "{A60ABF5B-18CE-4A70-9275-FDBAEBBD733F}"
EndProject
Project("{FAE04EC0-301F-11D3-BF4B-00C04F79EFBC}") = "Q08 Centre", "Q08 Centre\Q08 Centre.csproj", "{46A4C35A-EE49-4517-A0F4-2A2CC7D7D1F5}"
EndProject
Project("{FAE04EC0-301F-11D3-BF4B-00C04F79EFBC}") = "Q10 Cube", "Q10 Cube\Q10 Cube.csproj", "{5DFCF40D-AEAD-466D-835E-D3843CA29815}"
EndProject
Global
	GlobalSection(SolutionConfigurationPlatforms) = preSolution
		Debug|Any CPU = Debug|Any CPU
		Release|Any CPU = Release|Any CPU
	EndGlobalSection
	GlobalSection(ProjectConfigurationPlatforms) = postSolution
		{6A228FA6-7945-452D-996C-0AAF285B668E}.Debug|Any CPU.ActiveCfg = Debug|Any CPU
		{6A228FA6-7945-452D-996C-0AAF285B668E}.Debug|Any CPU.Build.0 = Debug|Any CPU
		{6A228FA6-7945-452D-996C-0AAF285B668E}.Release|Any CPU.ActiveCfg = Release|Any CPU
		{6A228FA6-7945-452D-996C-0AAF285B668E}.Release|Any CPU.Build.0 = Release|Any CPU
		{5C587997-2CB9-41EE-A269-C25462D31394}.Debug|Any CPU.ActiveCfg = Debug|Any CPU
		{5C587997-2CB9-41EE-A269-C25462D31394}.Debug|Any CPU.Build.0 = Debug|Any CPU
		{5C587997-2CB9-41EE-A269-C25462D31394}.Release|Any CPU.ActiveCfg = Release|Any CPU
		{5C587997-2CB9-41EE-A269-C25462D31394}.Release|Any CPU.Build.0 = Release|Any CPU
		{1624942C-468B-44AF-8FE9-CD4AF53028DD}.Debug|Any CPU.ActiveCfg = Debug|Any CPU
		{1624942C-468B-44AF-8FE9-CD4AF53028DD}.Debug|Any CPU.Build.0 = Debug|Any CPU
		{1624942C-468B-44AF-8FE9-CD4AF53028DD}.Release|Any CPU.ActiveCfg = Release|Any CPU
		{1624942C-468B-44AF-8FE9-CD4AF53028DD}.Release|Any CPU.Build.0 = Release|Any CPU
		{F9D8F666-2673-4389-B5D8-F16230801C92}.Debug|Any CPU.ActiveCfg = Debug|Any CPU
		{F9D8F666-2673-4389-B5D8-F16230801C92}.Debug|Any CPU.Build.0 = Debug|Any CPU
		{F9D8F666-2673-4389-B5D8-F16230801C92}.Release|Any CPU.ActiveCfg = Release|Any CPU
		{F9D8F666-2673-4389-B5D8-F16230801C92}.Release|Any CPU.Build.0 = Release|Any CPU
		{4DEC326B-3871-45A4-8664-15F6ABE5F528}.Debug|Any CPU.ActiveCfg = Debug|Any CPU
		{4DEC326B-3871-45A4-8664-15F6ABE5F528}.Debug|Any CPU.Build.0 = Debug|Any CPU
		{4DEC326B-3871-45A4-8664-15F6ABE5F528}.Release|Any CPU.ActiveCfg = Release|Any CPU
		{4DEC326B-3871-45A4-8664-15F6ABE5F528}.Release|Any CPU.Build.0 = Release|Any CPU
		{74E00229-A7B0-4FBE-8B86-FE09E804D5A0}.Debug|Any CPU.ActiveCfg = Debug|Any CPU
		{74E00229-A7B0-4FBE-8B86-FE09E804D5A0}.Debug|Any CPU.Build.0 = Debug|Any CPU
		{74E00229-A7B0-4FBE-8B86-FE09E804D5A0}.Release|Any CPU.ActiveCfg = Release|Any CPU
		{74E00229-A7B0-4FBE-8B86-FE09E804D5A0}.Release|Any CPU.Build.0 = Release|Any CPU
		{A60ABF5B-18CE-4A70-9275-FDBAEBBD733F}.Debug|Any CPU.ActiveCfg = Debug|Any CPU
		{A60ABF5B-18CE-4A70-9275-FDBAEBBD733F}.Debug|Any CPU.Build.0 = Debug|Any CPU
		{A60ABF5B-18CE-4A70-9275-FDBAEBBD733F}.Release|Any CPU.ActiveCfg = Release|Any CPU
		{A60ABF5B-18CE-4A70-9275-FDBAEBBD733F}.Release|Any CPU.Build.0 = Release|Any CPU
		{46A4C35A-EE49-4517-A0F4-2A2CC7D7D1F5}.Debug|Any CPU.ActiveCfg = Debug|Any CPU
		{46A4C35A-EE49-4517-A0F4-2A2CC7D7D1F5}.Debug|Any CPU.Build.0 = Debug|Any CPU
		{46A4C35A-EE49-4517-A0F4-2A2CC7D7D1F5}.Release|Any CPU.ActiveCfg = Release|Any CPU
		{46A4C35A-EE49-4517-A0F4-2A2CC7D7D1F5}.Release|Any CPU.Build.0 = Release|Any CPU
		{5DFCF40D-AEAD-466D-835E-D3843CA29815}.Debug|Any CPU.ActiveCfg = Debug|Any CPU
		{5DFCF40D-AEAD-466D-835E-D3843CA29815}.Debug|Any CPU.Build.0 = Debug|Any CPU
		{5DFCF40D-AEAD-466D-835E-D3843CA29815}.Release|Any CPU.ActiveCfg = Release|Any CPU
		{5DFCF40D-AEAD-466D-835E-D3843CA29815}.Release|Any CPU.Build.0 = Release|Any CPU
	EndGlobalSection
	GlobalSection(SolutionProperties) = preSolution
		HideSolutionNode = FALSE
	EndGlobalSection
	GlobalSection(ExtensibilityGlobals) = postSolution
		SolutionGuid = {F898BBA6-8EA6-4027-AD22-9DFDC55B5772}
	EndGlobalSection
EndGlobal
