
Microsoft Visual Studio Solution File, Format Version 12.00
# Visual Studio Version 16
VisualStudioVersion = 16.0.29009.5
MinimumVisualStudioVersion = 10.0.40219.1
Project("{FAE04EC0-301F-11D3-BF4B-00C04F79EFBC}") = "Q01 Hello, Name!", "Q01 Hello, Name!\Q01 Hello, Name!.csproj", "{6A228FA6-7945-452D-996C-0AAF285B668E}"
EndProject
Project("{FAE04EC0-301F-11D3-BF4B-00C04F79EFBC}") = "Q02 Min Meth", "Q02 Min Meth\Q02 Min Meth.csproj", "{5C587997-2CB9-41EE-A269-C25462D31394}"
EndProject
Global
	GlobalSection(SolutionConfigurationPlatforms) = preSolution
		Debug|Any CPU = Debug|Any CPU
		Release|Any CPU = Release|Any CPU
	EndGlobalSection
	GlobalSection(ProjectConfigurationPlatforms) = postSolution
		{6A228FA6-7945-452D-996C-0AAF285B668E}.Debug|Any CPU.ActiveCfg = Debug|Any CPU
		{6A228FA6-7945-452D-996C-0AAF285B668E}.Debug|Any CPU.Build.0 = Debug|Any CPU
		{6A228FA6-7945-452D-996C-0AAF285B668E}.Release|Any CPU.ActiveCfg = Release|Any CPU
		{6A228FA6-7945-452D-996C-0AAF285B668E}.Release|Any CPU.Build.0 = Release|Any CPU
		{5C587997-2CB9-41EE-A269-C25462D31394}.Debug|Any CPU.ActiveCfg = Debug|Any CPU
		{5C587997-2CB9-41EE-A269-C25462D31394}.Debug|Any CPU.Build.0 = Debug|Any CPU
		{5C587997-2CB9-41EE-A269-C25462D31394}.Release|Any CPU.ActiveCfg = Release|Any CPU
		{5C587997-2CB9-41EE-A269-C25462D31394}.Release|Any CPU.Build.0 = Release|Any CPU
	EndGlobalSection
	GlobalSection(SolutionProperties) = preSolution
		HideSolutionNode = FALSE
	EndGlobalSection
	GlobalSection(ExtensibilityGlobals) = postSolution
		SolutionGuid = {F898BBA6-8EA6-4027-AD22-9DFDC55B5772}
	EndGlobalSection
EndGlobal
