
Microsoft Visual Studio Solution File, Format Version 12.00
# Visual Studio 15
VisualStudioVersion = 15.0.28307.421
MinimumVisualStudioVersion = 10.0.40219.1
Project("{FAE04EC0-301F-11D3-BF4B-00C04F79EFBC}") = "Q01 Sum Line", "Q01 Sum Line\Q01 Sum Line.csproj", "{2D021621-0847-4659-B146-6CD40F484A99}"
EndProject
Project("{FAE04EC0-301F-11D3-BF4B-00C04F79EFBC}") = "Q02 Sum Byte", "Q02 Sum Byte\Q02 Sum Byte.csproj", "{1A77C81B-4812-4C28-87DD-1E631A3DB13F}"
EndProject
Project("{FAE04EC0-301F-11D3-BF4B-00C04F79EFBC}") = "Q03 All Caps", "Q03 All Caps\Q03 All Caps.csproj", "{6E45F6F3-5765-469C-9D97-DAEBE33B410E}"
EndProject
Project("{FAE04EC0-301F-11D3-BF4B-00C04F79EFBC}") = "Q04 Chr Type", "Q04 Chr Type\Q04 Chr Type.csproj", "{DD49FAC0-409C-402E-935E-0A99564A4E20}"
EndProject
Global
	GlobalSection(SolutionConfigurationPlatforms) = preSolution
		Debug|Any CPU = Debug|Any CPU
		Release|Any CPU = Release|Any CPU
	EndGlobalSection
	GlobalSection(ProjectConfigurationPlatforms) = postSolution
		{2D021621-0847-4659-B146-6CD40F484A99}.Debug|Any CPU.ActiveCfg = Debug|Any CPU
		{2D021621-0847-4659-B146-6CD40F484A99}.Debug|Any CPU.Build.0 = Debug|Any CPU
		{2D021621-0847-4659-B146-6CD40F484A99}.Release|Any CPU.ActiveCfg = Release|Any CPU
		{2D021621-0847-4659-B146-6CD40F484A99}.Release|Any CPU.Build.0 = Release|Any CPU
		{1A77C81B-4812-4C28-87DD-1E631A3DB13F}.Debug|Any CPU.ActiveCfg = Debug|Any CPU
		{1A77C81B-4812-4C28-87DD-1E631A3DB13F}.Debug|Any CPU.Build.0 = Debug|Any CPU
		{1A77C81B-4812-4C28-87DD-1E631A3DB13F}.Release|Any CPU.ActiveCfg = Release|Any CPU
		{1A77C81B-4812-4C28-87DD-1E631A3DB13F}.Release|Any CPU.Build.0 = Release|Any CPU
		{6E45F6F3-5765-469C-9D97-DAEBE33B410E}.Debug|Any CPU.ActiveCfg = Debug|Any CPU
		{6E45F6F3-5765-469C-9D97-DAEBE33B410E}.Debug|Any CPU.Build.0 = Debug|Any CPU
		{6E45F6F3-5765-469C-9D97-DAEBE33B410E}.Release|Any CPU.ActiveCfg = Release|Any CPU
		{6E45F6F3-5765-469C-9D97-DAEBE33B410E}.Release|Any CPU.Build.0 = Release|Any CPU
		{DD49FAC0-409C-402E-935E-0A99564A4E20}.Debug|Any CPU.ActiveCfg = Debug|Any CPU
		{DD49FAC0-409C-402E-935E-0A99564A4E20}.Debug|Any CPU.Build.0 = Debug|Any CPU
		{DD49FAC0-409C-402E-935E-0A99564A4E20}.Release|Any CPU.ActiveCfg = Release|Any CPU
		{DD49FAC0-409C-402E-935E-0A99564A4E20}.Release|Any CPU.Build.0 = Release|Any CPU
	EndGlobalSection
	GlobalSection(SolutionProperties) = preSolution
		HideSolutionNode = FALSE
	EndGlobalSection
	GlobalSection(ExtensibilityGlobals) = postSolution
		SolutionGuid = {C647062C-6AA5-405E-8736-8DDAA61CEFF5}
	EndGlobalSection
EndGlobal
