
Microsoft Visual Studio Solution File, Format Version 12.00
# Visual Studio Version 16
VisualStudioVersion = 16.0.29009.5
MinimumVisualStudioVersion = 10.0.40219.1
Project("{FAE04EC0-301F-11D3-BF4B-00C04F79EFBC}") = "Q01 Max Seq of Equal Elem", "Q01 Max Seq of Equal Elem\Q01 Max Seq of Equal Elem.csproj", "{62C1A09A-1041-4750-959A-1607B4D41876}"
EndProject
Project("{FAE04EC0-301F-11D3-BF4B-00C04F79EFBC}") = "Q02 Change List", "Q02 Change List\Q02 Change List.csproj", "{8B0BA9B7-2FF2-40C5-AED7-90E6A1BB244D}"
EndProject
Project("{FAE04EC0-301F-11D3-BF4B-00C04F79EFBC}") = "Q03 Search For Num", "Q03 Search For Num\Q03 Search For Num.csproj", "{D8FD7FBF-E63F-4E35-B7CA-E0038973F874}"
EndProject
Project("{FAE04EC0-301F-11D3-BF4B-00C04F79EFBC}") = "Q04 Long Inc Seq", "Q04 Long Inc Seq\Q04 Long Inc Seq.csproj", "{7032208A-165A-4513-95E6-EE153001852F}"
EndProject
Project("{FAE04EC0-301F-11D3-BF4B-00C04F79EFBC}") = "Q04 (V2)", "Q04 (V2)\Q04 (V2).csproj", "{5B367666-D2A4-4863-8221-0891364A65B0}"
EndProject
Project("{FAE04EC0-301F-11D3-BF4B-00C04F79EFBC}") = "Q04 (V3)", "Q04 (V3)\Q04 (V3).csproj", "{19EFAC1E-B92C-4B8E-BFFB-755AD7D965D7}"
EndProject
Project("{FAE04EC0-301F-11D3-BF4B-00C04F79EFBC}") = "Q04 (V4)", "Q04 (V4)\Q04 (V4).csproj", "{B062767A-FAE3-4BC3-9BC9-31E631CCD419}"
EndProject
Project("{FAE04EC0-301F-11D3-BF4B-00C04F79EFBC}") = "Q05 Array Manipul", "Q05 Array Manipul\Q05 Array Manipul.csproj", "{A12E7788-257D-474C-837F-65DCDC3049F3}"
EndProject
Project("{FAE04EC0-301F-11D3-BF4B-00C04F79EFBC}") = "Q06 Sum Rev Nums", "Q06 Sum Rev Nums\Q06 Sum Rev Nums.csproj", "{DC7CFB5F-2FA5-446B-A009-05B52B0D5B16}"
EndProject
Project("{FAE04EC0-301F-11D3-BF4B-00C04F79EFBC}") = "Q07 Bomb Numbers", "Q07 Bomb Numbers\Q07 Bomb Numbers.csproj", "{24A8A102-4527-487A-8473-B7DC19120F14}"
EndProject
Global
	GlobalSection(SolutionConfigurationPlatforms) = preSolution
		Debug|Any CPU = Debug|Any CPU
		Release|Any CPU = Release|Any CPU
	EndGlobalSection
	GlobalSection(ProjectConfigurationPlatforms) = postSolution
		{62C1A09A-1041-4750-959A-1607B4D41876}.Debug|Any CPU.ActiveCfg = Debug|Any CPU
		{62C1A09A-1041-4750-959A-1607B4D41876}.Debug|Any CPU.Build.0 = Debug|Any CPU
		{62C1A09A-1041-4750-959A-1607B4D41876}.Release|Any CPU.ActiveCfg = Release|Any CPU
		{62C1A09A-1041-4750-959A-1607B4D41876}.Release|Any CPU.Build.0 = Release|Any CPU
		{8B0BA9B7-2FF2-40C5-AED7-90E6A1BB244D}.Debug|Any CPU.ActiveCfg = Debug|Any CPU
		{8B0BA9B7-2FF2-40C5-AED7-90E6A1BB244D}.Debug|Any CPU.Build.0 = Debug|Any CPU
		{8B0BA9B7-2FF2-40C5-AED7-90E6A1BB244D}.Release|Any CPU.ActiveCfg = Release|Any CPU
		{8B0BA9B7-2FF2-40C5-AED7-90E6A1BB244D}.Release|Any CPU.Build.0 = Release|Any CPU
		{D8FD7FBF-E63F-4E35-B7CA-E0038973F874}.Debug|Any CPU.ActiveCfg = Debug|Any CPU
		{D8FD7FBF-E63F-4E35-B7CA-E0038973F874}.Debug|Any CPU.Build.0 = Debug|Any CPU
		{D8FD7FBF-E63F-4E35-B7CA-E0038973F874}.Release|Any CPU.ActiveCfg = Release|Any CPU
		{D8FD7FBF-E63F-4E35-B7CA-E0038973F874}.Release|Any CPU.Build.0 = Release|Any CPU
		{7032208A-165A-4513-95E6-EE153001852F}.Debug|Any CPU.ActiveCfg = Debug|Any CPU
		{7032208A-165A-4513-95E6-EE153001852F}.Debug|Any CPU.Build.0 = Debug|Any CPU
		{7032208A-165A-4513-95E6-EE153001852F}.Release|Any CPU.ActiveCfg = Release|Any CPU
		{7032208A-165A-4513-95E6-EE153001852F}.Release|Any CPU.Build.0 = Release|Any CPU
		{5B367666-D2A4-4863-8221-0891364A65B0}.Debug|Any CPU.ActiveCfg = Debug|Any CPU
		{5B367666-D2A4-4863-8221-0891364A65B0}.Debug|Any CPU.Build.0 = Debug|Any CPU
		{5B367666-D2A4-4863-8221-0891364A65B0}.Release|Any CPU.ActiveCfg = Release|Any CPU
		{5B367666-D2A4-4863-8221-0891364A65B0}.Release|Any CPU.Build.0 = Release|Any CPU
		{19EFAC1E-B92C-4B8E-BFFB-755AD7D965D7}.Debug|Any CPU.ActiveCfg = Debug|Any CPU
		{19EFAC1E-B92C-4B8E-BFFB-755AD7D965D7}.Debug|Any CPU.Build.0 = Debug|Any CPU
		{19EFAC1E-B92C-4B8E-BFFB-755AD7D965D7}.Release|Any CPU.ActiveCfg = Release|Any CPU
		{19EFAC1E-B92C-4B8E-BFFB-755AD7D965D7}.Release|Any CPU.Build.0 = Release|Any CPU
		{B062767A-FAE3-4BC3-9BC9-31E631CCD419}.Debug|Any CPU.ActiveCfg = Debug|Any CPU
		{B062767A-FAE3-4BC3-9BC9-31E631CCD419}.Debug|Any CPU.Build.0 = Debug|Any CPU
		{B062767A-FAE3-4BC3-9BC9-31E631CCD419}.Release|Any CPU.ActiveCfg = Release|Any CPU
		{B062767A-FAE3-4BC3-9BC9-31E631CCD419}.Release|Any CPU.Build.0 = Release|Any CPU
		{A12E7788-257D-474C-837F-65DCDC3049F3}.Debug|Any CPU.ActiveCfg = Debug|Any CPU
		{A12E7788-257D-474C-837F-65DCDC3049F3}.Debug|Any CPU.Build.0 = Debug|Any CPU
		{A12E7788-257D-474C-837F-65DCDC3049F3}.Release|Any CPU.ActiveCfg = Release|Any CPU
		{A12E7788-257D-474C-837F-65DCDC3049F3}.Release|Any CPU.Build.0 = Release|Any CPU
		{DC7CFB5F-2FA5-446B-A009-05B52B0D5B16}.Debug|Any CPU.ActiveCfg = Debug|Any CPU
		{DC7CFB5F-2FA5-446B-A009-05B52B0D5B16}.Debug|Any CPU.Build.0 = Debug|Any CPU
		{DC7CFB5F-2FA5-446B-A009-05B52B0D5B16}.Release|Any CPU.ActiveCfg = Release|Any CPU
		{DC7CFB5F-2FA5-446B-A009-05B52B0D5B16}.Release|Any CPU.Build.0 = Release|Any CPU
		{24A8A102-4527-487A-8473-B7DC19120F14}.Debug|Any CPU.ActiveCfg = Debug|Any CPU
		{24A8A102-4527-487A-8473-B7DC19120F14}.Debug|Any CPU.Build.0 = Debug|Any CPU
		{24A8A102-4527-487A-8473-B7DC19120F14}.Release|Any CPU.ActiveCfg = Release|Any CPU
		{24A8A102-4527-487A-8473-B7DC19120F14}.Release|Any CPU.Build.0 = Release|Any CPU
	EndGlobalSection
	GlobalSection(SolutionProperties) = preSolution
		HideSolutionNode = FALSE
	EndGlobalSection
	GlobalSection(ExtensibilityGlobals) = postSolution
		SolutionGuid = {7D8364CC-7B68-4464-8146-8A2693C33FB7}
	EndGlobalSection
EndGlobal
