
Microsoft Visual Studio Solution File, Format Version 12.00
# Visual Studio 15
VisualStudioVersion = 15.0.28307.421
MinimumVisualStudioVersion = 10.0.40219.1
Project("{FAE04EC0-301F-11D3-BF4B-00C04F79EFBC}") = "Q01 Odd Lines", "Q01 Odd Lines\Q01 Odd Lines.csproj", "{9F266E75-DA27-468C-BAEF-397317F1C53E}"
EndProject
Global
	GlobalSection(SolutionConfigurationPlatforms) = preSolution
		Debug|Any CPU = Debug|Any CPU
		Release|Any CPU = Release|Any CPU
	EndGlobalSection
	GlobalSection(ProjectConfigurationPlatforms) = postSolution
		{9F266E75-DA27-468C-BAEF-397317F1C53E}.Debug|Any CPU.ActiveCfg = Debug|Any CPU
		{9F266E75-DA27-468C-BAEF-397317F1C53E}.Debug|Any CPU.Build.0 = Debug|Any CPU
		{9F266E75-DA27-468C-BAEF-397317F1C53E}.Release|Any CPU.ActiveCfg = Release|Any CPU
		{9F266E75-DA27-468C-BAEF-397317F1C53E}.Release|Any CPU.Build.0 = Release|Any CPU
	EndGlobalSection
	GlobalSection(SolutionProperties) = preSolution
		HideSolutionNode = FALSE
	EndGlobalSection
	GlobalSection(ExtensibilityGlobals) = postSolution
		SolutionGuid = {4ED87D46-8928-4BB4-A218-9804E280D1DA}
	EndGlobalSection
EndGlobal
